// !$*UTF8*$!
{
	archiveVersion = 1;
	classes = {
	};
	objectVersion = 46;
	objects = {

/* Begin PBXBuildFile section */
		071AE64A1C1F6466004751FA /* Sprite.cpp in Sources */ = {isa = PBXBuildFile; fileRef = 071AE6481C1F6466004751FA /* Sprite.cpp */; };
		07A0D12D1C1DE2A0008EBF83 /* SDL2.framework in Frameworks */ = {isa = PBXBuildFile; fileRef = 07A0D1291C1DE2A0008EBF83 /* SDL2.framework */; };
		07A0D12E1C1DE2A0008EBF83 /* SDL2_image.framework in Frameworks */ = {isa = PBXBuildFile; fileRef = 07A0D12A1C1DE2A0008EBF83 /* SDL2_image.framework */; };
		07A0D12F1C1DE2A0008EBF83 /* SDL2_mixer.framework in Frameworks */ = {isa = PBXBuildFile; fileRef = 07A0D12B1C1DE2A0008EBF83 /* SDL2_mixer.framework */; };
		07A0D1301C1DE2A0008EBF83 /* SDL2_ttf.framework in Frameworks */ = {isa = PBXBuildFile; fileRef = 07A0D12C1C1DE2A0008EBF83 /* SDL2_ttf.framework */; };
		07A0D1321C1DE2E0008EBF83 /* XMLEntityLoader.cpp in Sources */ = {isa = PBXBuildFile; fileRef = 07A0D11C1C1DE20D008EBF83 /* XMLEntityLoader.cpp */; };
		07A0D1331C1DE2E0008EBF83 /* XMLLoader.cpp in Sources */ = {isa = PBXBuildFile; fileRef = 07A0D11E1C1DE20D008EBF83 /* XMLLoader.cpp */; };
		07A0D1341C1DE2E0008EBF83 /* XMLPlayerLoader.cpp in Sources */ = {isa = PBXBuildFile; fileRef = 07A0D1201C1DE20D008EBF83 /* XMLPlayerLoader.cpp */; };
		07A0D1351C1DE2E0008EBF83 /* XMLSceneLoader.cpp in Sources */ = {isa = PBXBuildFile; fileRef = 07A0D1221C1DE20D008EBF83 /* XMLSceneLoader.cpp */; };
		07A0D1361C1DE2E0008EBF83 /* XMLTextureLoader.cpp in Sources */ = {isa = PBXBuildFile; fileRef = 07A0D1241C1DE20D008EBF83 /* XMLTextureLoader.cpp */; };
		07A0D1371C1DE2E0008EBF83 /* pugixml.cpp in Sources */ = {isa = PBXBuildFile; fileRef = 07A0D11A1C1DE20D008EBF83 /* pugixml.cpp */; };
		07E27A191C1E8AF30004CBE7 /* ListObject.cpp in Sources */ = {isa = PBXBuildFile; fileRef = 07E279FD1C1E8AF30004CBE7 /* ListObject.cpp */; };
		07E27A1A1C1E8AF30004CBE7 /* PhysicObject.cpp in Sources */ = {isa = PBXBuildFile; fileRef = 07E279FE1C1E8AF30004CBE7 /* PhysicObject.cpp */; };
		07E27A1B1C1E8AF30004CBE7 /* TextureRenderer.cpp in Sources */ = {isa = PBXBuildFile; fileRef = 07E279FF1C1E8AF30004CBE7 /* TextureRenderer.cpp */; };
		07E27A1C1C1E8AF30004CBE7 /* Camera.cpp in Sources */ = {isa = PBXBuildFile; fileRef = 07E27A041C1E8AF30004CBE7 /* Camera.cpp */; };
		07E27A1D1C1E8AF30004CBE7 /* Entity.cpp in Sources */ = {isa = PBXBuildFile; fileRef = 07E27A051C1E8AF30004CBE7 /* Entity.cpp */; };
		07E27A1E1C1E8AF30004CBE7 /* Game.cpp in Sources */ = {isa = PBXBuildFile; fileRef = 07E27A061C1E8AF30004CBE7 /* Game.cpp */; };
		07E27A1F1C1E8AF30004CBE7 /* GameEngine.cpp in Sources */ = {isa = PBXBuildFile; fileRef = 07E27A071C1E8AF30004CBE7 /* GameEngine.cpp */; };
		07E27A201C1E8AF30004CBE7 /* GameEngineUtilities.cpp in Sources */ = {isa = PBXBuildFile; fileRef = 07E27A081C1E8AF30004CBE7 /* GameEngineUtilities.cpp */; };
		07E27A211C1E8AF30004CBE7 /* MainWindow.cpp in Sources */ = {isa = PBXBuildFile; fileRef = 07E27A091C1E8AF30004CBE7 /* MainWindow.cpp */; };
		07E27A221C1E8AF30004CBE7 /* Player.cpp in Sources */ = {isa = PBXBuildFile; fileRef = 07E27A0A1C1E8AF30004CBE7 /* Player.cpp */; };
		07E27A231C1E8AF30004CBE7 /* Polygon.cpp in Sources */ = {isa = PBXBuildFile; fileRef = 07E27A0B1C1E8AF30004CBE7 /* Polygon.cpp */; };
		07E27A241C1E8AF30004CBE7 /* Renderer.cpp in Sources */ = {isa = PBXBuildFile; fileRef = 07E27A0C1C1E8AF30004CBE7 /* Renderer.cpp */; };
		07E27A251C1E8AF30004CBE7 /* Scene.cpp in Sources */ = {isa = PBXBuildFile; fileRef = 07E27A0D1C1E8AF30004CBE7 /* Scene.cpp */; };
		07E27A261C1E8AF30004CBE7 /* Texture.cpp in Sources */ = {isa = PBXBuildFile; fileRef = 07E27A0E1C1E8AF30004CBE7 /* Texture.cpp */; };
		07E27A271C1E8AF30004CBE7 /* ButtonWidget.cpp in Sources */ = {isa = PBXBuildFile; fileRef = 07E27A141C1E8AF30004CBE7 /* ButtonWidget.cpp */; };
		07E27A281C1E8AF30004CBE7 /* ContainerWidget.cpp in Sources */ = {isa = PBXBuildFile; fileRef = 07E27A151C1E8AF30004CBE7 /* ContainerWidget.cpp */; };
		07E27A291C1E8AF30004CBE7 /* Widget.cpp in Sources */ = {isa = PBXBuildFile; fileRef = 07E27A161C1E8AF30004CBE7 /* Widget.cpp */; };
		07E27A2A1C1E8AF30004CBE7 /* main.cpp in Sources */ = {isa = PBXBuildFile; fileRef = 07E27A181C1E8AF30004CBE7 /* main.cpp */; };
/* End PBXBuildFile section */

/* Begin PBXCopyFilesBuildPhase section */
		0700CC441BFE7A75009A4AFA /* CopyFiles */ = {
			isa = PBXCopyFilesBuildPhase;
			buildActionMask = 2147483647;
			dstPath = /usr/share/man/man1/;
			dstSubfolderSpec = 0;
			files = (
			);
			runOnlyForDeploymentPostprocessing = 1;
		};
/* End PBXCopyFilesBuildPhase section */

/* Begin PBXFileReference section */
		0700CC461BFE7A75009A4AFA /* GameEngineV2 */ = {isa = PBXFileReference; explicitFileType = "compiled.mach-o.executable"; includeInIndex = 0; path = GameEngineV2; sourceTree = BUILT_PRODUCTS_DIR; };
		071AE6481C1F6466004751FA /* Sprite.cpp */ = {isa = PBXFileReference; fileEncoding = 4; lastKnownFileType = sourcecode.cpp.cpp; name = Sprite.cpp; path = ../Protocols/Sprite.cpp; sourceTree = "<group>"; };
		071AE6491C1F6466004751FA /* Sprite.hpp */ = {isa = PBXFileReference; fileEncoding = 4; lastKnownFileType = sourcecode.cpp.h; name = Sprite.hpp; path = Protocols/Sprite.hpp; sourceTree = "<group>"; };
		07A0D1181C1DE20D008EBF83 /* pugiconfig.hpp */ = {isa = PBXFileReference; lastKnownFileType = sourcecode.cpp.h; name = pugiconfig.hpp; path = ../pugiconfig.hpp; sourceTree = "<group>"; };
		07A0D11A1C1DE20D008EBF83 /* pugixml.cpp */ = {isa = PBXFileReference; lastKnownFileType = sourcecode.cpp.cpp; name = pugixml.cpp; path = GameEngineV2/xml/pugixml.cpp; sourceTree = SOURCE_ROOT; };
		07A0D11B1C1DE20D008EBF83 /* pugixml.hpp */ = {isa = PBXFileReference; lastKnownFileType = sourcecode.cpp.h; name = pugixml.hpp; path = GameEngineV2/xml/pugixml.hpp; sourceTree = SOURCE_ROOT; };
		07A0D11C1C1DE20D008EBF83 /* XMLEntityLoader.cpp */ = {isa = PBXFileReference; lastKnownFileType = sourcecode.cpp.cpp; path = XMLEntityLoader.cpp; sourceTree = "<group>"; };
		07A0D11D1C1DE20D008EBF83 /* XMLEntityLoader.hpp */ = {isa = PBXFileReference; lastKnownFileType = sourcecode.cpp.h; path = XMLEntityLoader.hpp; sourceTree = "<group>"; };
		07A0D11E1C1DE20D008EBF83 /* XMLLoader.cpp */ = {isa = PBXFileReference; lastKnownFileType = sourcecode.cpp.cpp; path = XMLLoader.cpp; sourceTree = "<group>"; };
		07A0D11F1C1DE20D008EBF83 /* XMLLoader.hpp */ = {isa = PBXFileReference; lastKnownFileType = sourcecode.cpp.h; path = XMLLoader.hpp; sourceTree = "<group>"; };
		07A0D1201C1DE20D008EBF83 /* XMLPlayerLoader.cpp */ = {isa = PBXFileReference; lastKnownFileType = sourcecode.cpp.cpp; path = XMLPlayerLoader.cpp; sourceTree = "<group>"; };
		07A0D1211C1DE20D008EBF83 /* XMLPlayerLoader.hpp */ = {isa = PBXFileReference; lastKnownFileType = sourcecode.cpp.h; path = XMLPlayerLoader.hpp; sourceTree = "<group>"; };
		07A0D1221C1DE20D008EBF83 /* XMLSceneLoader.cpp */ = {isa = PBXFileReference; lastKnownFileType = sourcecode.cpp.cpp; path = XMLSceneLoader.cpp; sourceTree = "<group>"; };
		07A0D1231C1DE20D008EBF83 /* XMLSceneLoader.hpp */ = {isa = PBXFileReference; lastKnownFileType = sourcecode.cpp.h; path = XMLSceneLoader.hpp; sourceTree = "<group>"; };
		07A0D1241C1DE20D008EBF83 /* XMLTextureLoader.cpp */ = {isa = PBXFileReference; lastKnownFileType = sourcecode.cpp.cpp; path = XMLTextureLoader.cpp; sourceTree = "<group>"; };
		07A0D1251C1DE20D008EBF83 /* XMLTextureLoader.hpp */ = {isa = PBXFileReference; lastKnownFileType = sourcecode.cpp.h; path = XMLTextureLoader.hpp; sourceTree = "<group>"; };
		07A0D1291C1DE2A0008EBF83 /* SDL2.framework */ = {isa = PBXFileReference; lastKnownFileType = wrapper.framework; name = SDL2.framework; path = System/Library/Frameworks/SDL2.framework; sourceTree = SDKROOT; };
		07A0D12A1C1DE2A0008EBF83 /* SDL2_image.framework */ = {isa = PBXFileReference; lastKnownFileType = wrapper.framework; name = SDL2_image.framework; path = System/Library/Frameworks/SDL2_image.framework; sourceTree = SDKROOT; };
		07A0D12B1C1DE2A0008EBF83 /* SDL2_mixer.framework */ = {isa = PBXFileReference; lastKnownFileType = wrapper.framework; name = SDL2_mixer.framework; path = System/Library/Frameworks/SDL2_mixer.framework; sourceTree = SDKROOT; };
		07A0D12C1C1DE2A0008EBF83 /* SDL2_ttf.framework */ = {isa = PBXFileReference; lastKnownFileType = wrapper.framework; name = SDL2_ttf.framework; path = System/Library/Frameworks/SDL2_ttf.framework; sourceTree = SDKROOT; };
		07A0D14B1C1DE44B008EBF83 /* entities.xml */ = {isa = PBXFileReference; lastKnownFileType = text.xml; name = entities.xml; path = GameEngineV2/entities.xml; sourceTree = "<group>"; };
		07A0D14C1C1DE44B008EBF83 /* player.lua */ = {isa = PBXFileReference; lastKnownFileType = text; name = player.lua; path = GameEngineV2/player.lua; sourceTree = "<group>"; };
		07A0D14D1C1DE44B008EBF83 /* players.xml */ = {isa = PBXFileReference; lastKnownFileType = text.xml; name = players.xml; path = GameEngineV2/players.xml; sourceTree = "<group>"; };
		07A0D14E1C1DE44B008EBF83 /* scene.xml */ = {isa = PBXFileReference; lastKnownFileType = text.xml; name = scene.xml; path = GameEngineV2/scene.xml; sourceTree = "<group>"; };
		07A0D14F1C1DE44B008EBF83 /* Textures.lua */ = {isa = PBXFileReference; lastKnownFileType = text; name = Textures.lua; path = GameEngineV2/Textures.lua; sourceTree = "<group>"; };
		07A0D1501C1DE44B008EBF83 /* textures.xml */ = {isa = PBXFileReference; lastKnownFileType = text.xml; name = textures.xml; path = GameEngineV2/textures.xml; sourceTree = "<group>"; };
		07E279F11C1E8AF30004CBE7 /* Camera.hpp */ = {isa = PBXFileReference; fileEncoding = 4; lastKnownFileType = sourcecode.cpp.h; path = Camera.hpp; sourceTree = "<group>"; };
		07E279F21C1E8AF30004CBE7 /* Entity.hpp */ = {isa = PBXFileReference; fileEncoding = 4; lastKnownFileType = sourcecode.cpp.h; path = Entity.hpp; sourceTree = "<group>"; };
		07E279F31C1E8AF30004CBE7 /* Game.hpp */ = {isa = PBXFileReference; fileEncoding = 4; lastKnownFileType = sourcecode.cpp.h; path = Game.hpp; sourceTree = "<group>"; };
		07E279F41C1E8AF30004CBE7 /* GameEngine.hpp */ = {isa = PBXFileReference; fileEncoding = 4; lastKnownFileType = sourcecode.cpp.h; path = GameEngine.hpp; sourceTree = "<group>"; };
		07E279F51C1E8AF30004CBE7 /* GameEngineUtilities.hpp */ = {isa = PBXFileReference; fileEncoding = 4; lastKnownFileType = sourcecode.cpp.h; path = GameEngineUtilities.hpp; sourceTree = "<group>"; };
		07E279F61C1E8AF30004CBE7 /* MainWindow.hpp */ = {isa = PBXFileReference; fileEncoding = 4; lastKnownFileType = sourcecode.cpp.h; path = MainWindow.hpp; sourceTree = "<group>"; };
		07E279F71C1E8AF30004CBE7 /* Player.hpp */ = {isa = PBXFileReference; fileEncoding = 4; lastKnownFileType = sourcecode.cpp.h; path = Player.hpp; sourceTree = "<group>"; };
		07E279F81C1E8AF30004CBE7 /* Polygon.hpp */ = {isa = PBXFileReference; fileEncoding = 4; lastKnownFileType = sourcecode.cpp.h; path = Polygon.hpp; sourceTree = "<group>"; };
		07E279FA1C1E8AF30004CBE7 /* ListObject.hpp */ = {isa = PBXFileReference; fileEncoding = 4; lastKnownFileType = sourcecode.cpp.h; path = ListObject.hpp; sourceTree = "<group>"; };
		07E279FB1C1E8AF30004CBE7 /* PhysicObject.hpp */ = {isa = PBXFileReference; fileEncoding = 4; lastKnownFileType = sourcecode.cpp.h; path = PhysicObject.hpp; sourceTree = "<group>"; };
		07E279FD1C1E8AF30004CBE7 /* ListObject.cpp */ = {isa = PBXFileReference; fileEncoding = 4; lastKnownFileType = sourcecode.cpp.cpp; path = ListObject.cpp; sourceTree = "<group>"; };
		07E279FE1C1E8AF30004CBE7 /* PhysicObject.cpp */ = {isa = PBXFileReference; fileEncoding = 4; lastKnownFileType = sourcecode.cpp.cpp; path = PhysicObject.cpp; sourceTree = "<group>"; };
		07E279FF1C1E8AF30004CBE7 /* TextureRenderer.cpp */ = {isa = PBXFileReference; fileEncoding = 4; lastKnownFileType = sourcecode.cpp.cpp; path = TextureRenderer.cpp; sourceTree = "<group>"; };
		07E27A001C1E8AF30004CBE7 /* TextureRenderer.hpp */ = {isa = PBXFileReference; fileEncoding = 4; lastKnownFileType = sourcecode.cpp.h; path = TextureRenderer.hpp; sourceTree = "<group>"; };
		07E27A011C1E8AF30004CBE7 /* Renderer.hpp */ = {isa = PBXFileReference; fileEncoding = 4; lastKnownFileType = sourcecode.cpp.h; path = Renderer.hpp; sourceTree = "<group>"; };
		07E27A021C1E8AF30004CBE7 /* Scene.hpp */ = {isa = PBXFileReference; fileEncoding = 4; lastKnownFileType = sourcecode.cpp.h; path = Scene.hpp; sourceTree = "<group>"; };
		07E27A041C1E8AF30004CBE7 /* Camera.cpp */ = {isa = PBXFileReference; fileEncoding = 4; lastKnownFileType = sourcecode.cpp.cpp; path = Camera.cpp; sourceTree = "<group>"; };
		07E27A051C1E8AF30004CBE7 /* Entity.cpp */ = {isa = PBXFileReference; fileEncoding = 4; lastKnownFileType = sourcecode.cpp.cpp; path = Entity.cpp; sourceTree = "<group>"; };
		07E27A061C1E8AF30004CBE7 /* Game.cpp */ = {isa = PBXFileReference; fileEncoding = 4; lastKnownFileType = sourcecode.cpp.cpp; path = Game.cpp; sourceTree = "<group>"; };
		07E27A071C1E8AF30004CBE7 /* GameEngine.cpp */ = {isa = PBXFileReference; fileEncoding = 4; lastKnownFileType = sourcecode.cpp.cpp; path = GameEngine.cpp; sourceTree = "<group>"; };
		07E27A081C1E8AF30004CBE7 /* GameEngineUtilities.cpp */ = {isa = PBXFileReference; fileEncoding = 4; lastKnownFileType = sourcecode.cpp.cpp; path = GameEngineUtilities.cpp; sourceTree = "<group>"; };
		07E27A091C1E8AF30004CBE7 /* MainWindow.cpp */ = {isa = PBXFileReference; fileEncoding = 4; lastKnownFileType = sourcecode.cpp.cpp; path = MainWindow.cpp; sourceTree = "<group>"; };
		07E27A0A1C1E8AF30004CBE7 /* Player.cpp */ = {isa = PBXFileReference; fileEncoding = 4; lastKnownFileType = sourcecode.cpp.cpp; path = Player.cpp; sourceTree = "<group>"; };
		07E27A0B1C1E8AF30004CBE7 /* Polygon.cpp */ = {isa = PBXFileReference; fileEncoding = 4; lastKnownFileType = sourcecode.cpp.cpp; path = Polygon.cpp; sourceTree = "<group>"; };
		07E27A0C1C1E8AF30004CBE7 /* Renderer.cpp */ = {isa = PBXFileReference; fileEncoding = 4; lastKnownFileType = sourcecode.cpp.cpp; path = Renderer.cpp; sourceTree = "<group>"; };
		07E27A0D1C1E8AF30004CBE7 /* Scene.cpp */ = {isa = PBXFileReference; fileEncoding = 4; lastKnownFileType = sourcecode.cpp.cpp; path = Scene.cpp; sourceTree = "<group>"; };
		07E27A0E1C1E8AF30004CBE7 /* Texture.cpp */ = {isa = PBXFileReference; fileEncoding = 4; lastKnownFileType = sourcecode.cpp.cpp; path = Texture.cpp; sourceTree = "<group>"; };
		07E27A0F1C1E8AF30004CBE7 /* Texture.hpp */ = {isa = PBXFileReference; fileEncoding = 4; lastKnownFileType = sourcecode.cpp.h; path = Texture.hpp; sourceTree = "<group>"; };
		07E27A111C1E8AF30004CBE7 /* ButtonWidget.hpp */ = {isa = PBXFileReference; fileEncoding = 4; lastKnownFileType = sourcecode.cpp.h; path = ButtonWidget.hpp; sourceTree = "<group>"; };
		07E27A121C1E8AF30004CBE7 /* ContainerWidget.hpp */ = {isa = PBXFileReference; fileEncoding = 4; lastKnownFileType = sourcecode.cpp.h; path = ContainerWidget.hpp; sourceTree = "<group>"; };
		07E27A141C1E8AF30004CBE7 /* ButtonWidget.cpp */ = {isa = PBXFileReference; fileEncoding = 4; lastKnownFileType = sourcecode.cpp.cpp; path = ButtonWidget.cpp; sourceTree = "<group>"; };
		07E27A151C1E8AF30004CBE7 /* ContainerWidget.cpp */ = {isa = PBXFileReference; fileEncoding = 4; lastKnownFileType = sourcecode.cpp.cpp; path = ContainerWidget.cpp; sourceTree = "<group>"; };
		07E27A161C1E8AF30004CBE7 /* Widget.cpp */ = {isa = PBXFileReference; fileEncoding = 4; lastKnownFileType = sourcecode.cpp.cpp; path = Widget.cpp; sourceTree = "<group>"; };
		07E27A171C1E8AF30004CBE7 /* Widget.hpp */ = {isa = PBXFileReference; fileEncoding = 4; lastKnownFileType = sourcecode.cpp.h; path = Widget.hpp; sourceTree = "<group>"; };
		07E27A181C1E8AF30004CBE7 /* main.cpp */ = {isa = PBXFileReference; fileEncoding = 4; lastKnownFileType = sourcecode.cpp.cpp; name = main.cpp; path = GameEngineV2/main.cpp; sourceTree = "<group>"; };
/* End PBXFileReference section */

/* Begin PBXFrameworksBuildPhase section */
		0700CC431BFE7A75009A4AFA /* Frameworks */ = {
			isa = PBXFrameworksBuildPhase;
			buildActionMask = 2147483647;
			files = (
				07A0D12D1C1DE2A0008EBF83 /* SDL2.framework in Frameworks */,
				07A0D12E1C1DE2A0008EBF83 /* SDL2_image.framework in Frameworks */,
				07A0D12F1C1DE2A0008EBF83 /* SDL2_mixer.framework in Frameworks */,
				07A0D1301C1DE2A0008EBF83 /* SDL2_ttf.framework in Frameworks */,
			);
			runOnlyForDeploymentPostprocessing = 0;
		};
/* End PBXFrameworksBuildPhase section */

/* Begin PBXGroup section */
		0700CC3D1BFE7A75009A4AFA = {
			isa = PBXGroup;
			children = (
				07A0D1311C1DE2AE008EBF83 /* Frameworks and Libraries */,
				0700CC481BFE7A75009A4AFA /* GameEngineV2 */,
				07E27A181C1E8AF30004CBE7 /* main.cpp */,
				07A0D14B1C1DE44B008EBF83 /* entities.xml */,
				07A0D14C1C1DE44B008EBF83 /* player.lua */,
				07A0D14D1C1DE44B008EBF83 /* players.xml */,
				07A0D14E1C1DE44B008EBF83 /* scene.xml */,
				07A0D14F1C1DE44B008EBF83 /* Textures.lua */,
				07A0D1501C1DE44B008EBF83 /* textures.xml */,
				0700CC471BFE7A75009A4AFA /* Products */,
			);
			sourceTree = "<group>";
		};
		0700CC471BFE7A75009A4AFA /* Products */ = {
			isa = PBXGroup;
			children = (
				0700CC461BFE7A75009A4AFA /* GameEngineV2 */,
			);
			name = Products;
			sourceTree = "<group>";
		};
		0700CC481BFE7A75009A4AFA /* GameEngineV2 */ = {
			isa = PBXGroup;
			children = (
				07A0D1171C1DE20D008EBF83 /* xml */,
				07E279F01C1E8AF30004CBE7 /* Game Engine */,
			);
			path = GameEngineV2;
			sourceTree = "<group>";
		};
		07A0D1171C1DE20D008EBF83 /* xml */ = {
			isa = PBXGroup;
			children = (
				07A0D1191C1DE20D008EBF83 /* pugixml */,
				07A0D1281C1DE24D008EBF83 /* Source */,
				07A0D11D1C1DE20D008EBF83 /* XMLEntityLoader.hpp */,
				07A0D11F1C1DE20D008EBF83 /* XMLLoader.hpp */,
				07A0D1211C1DE20D008EBF83 /* XMLPlayerLoader.hpp */,
				07A0D1231C1DE20D008EBF83 /* XMLSceneLoader.hpp */,
				07A0D1251C1DE20D008EBF83 /* XMLTextureLoader.hpp */,
			);
			path = xml;
			sourceTree = "<group>";
		};
		07A0D1191C1DE20D008EBF83 /* pugixml */ = {
			isa = PBXGroup;
			children = (
				07A0D1181C1DE20D008EBF83 /* pugiconfig.hpp */,
				07A0D11A1C1DE20D008EBF83 /* pugixml.cpp */,
				07A0D11B1C1DE20D008EBF83 /* pugixml.hpp */,
			);
			path = pugixml;
			sourceTree = "<group>";
		};
		07A0D1281C1DE24D008EBF83 /* Source */ = {
			isa = PBXGroup;
			children = (
				07A0D11C1C1DE20D008EBF83 /* XMLEntityLoader.cpp */,
				07A0D11E1C1DE20D008EBF83 /* XMLLoader.cpp */,
				07A0D1201C1DE20D008EBF83 /* XMLPlayerLoader.cpp */,
				07A0D1221C1DE20D008EBF83 /* XMLSceneLoader.cpp */,
				07A0D1241C1DE20D008EBF83 /* XMLTextureLoader.cpp */,
			);
			name = Source;
			sourceTree = "<group>";
		};
		07A0D1311C1DE2AE008EBF83 /* Frameworks and Libraries */ = {
			isa = PBXGroup;
			children = (
				07A0D1291C1DE2A0008EBF83 /* SDL2.framework */,
				07A0D12A1C1DE2A0008EBF83 /* SDL2_image.framework */,
				07A0D12B1C1DE2A0008EBF83 /* SDL2_mixer.framework */,
				07A0D12C1C1DE2A0008EBF83 /* SDL2_ttf.framework */,
			);
			name = "Frameworks and Libraries";
			sourceTree = "<group>";
		};
		07E279F01C1E8AF30004CBE7 /* Game Engine */ = {
			isa = PBXGroup;
			children = (
				07E27A031C1E8AF30004CBE7 /* Sources */,
				07E279F91C1E8AF30004CBE7 /* Protocols */,
				07E27A101C1E8AF30004CBE7 /* Widgets */,
				07E279F11C1E8AF30004CBE7 /* Camera.hpp */,
				07E279F21C1E8AF30004CBE7 /* Entity.hpp */,
				07E279F31C1E8AF30004CBE7 /* Game.hpp */,
				07E279F41C1E8AF30004CBE7 /* GameEngine.hpp */,
				07E279F51C1E8AF30004CBE7 /* GameEngineUtilities.hpp */,
				07E279F61C1E8AF30004CBE7 /* MainWindow.hpp */,
				07E279F71C1E8AF30004CBE7 /* Player.hpp */,
				07E279F81C1E8AF30004CBE7 /* Polygon.hpp */,
				07E27A011C1E8AF30004CBE7 /* Renderer.hpp */,
				07E27A021C1E8AF30004CBE7 /* Scene.hpp */,
				071AE6491C1F6466004751FA /* Sprite.hpp */,
				07E27A0F1C1E8AF30004CBE7 /* Texture.hpp */,
			);
			path = "Game Engine";
			sourceTree = "<group>";
		};
		07E279F91C1E8AF30004CBE7 /* Protocols */ = {
			isa = PBXGroup;
			children = (
				07E279FC1C1E8AF30004CBE7 /* Sources */,
				07E279FA1C1E8AF30004CBE7 /* ListObject.hpp */,
				07E279FB1C1E8AF30004CBE7 /* PhysicObject.hpp */,
				07E27A001C1E8AF30004CBE7 /* TextureRenderer.hpp */,
			);
			path = Protocols;
			sourceTree = "<group>";
		};
		07E279FC1C1E8AF30004CBE7 /* Sources */ = {
			isa = PBXGroup;
			children = (
				07E279FD1C1E8AF30004CBE7 /* ListObject.cpp */,
				07E279FE1C1E8AF30004CBE7 /* PhysicObject.cpp */,
				07E279FF1C1E8AF30004CBE7 /* TextureRenderer.cpp */,
			);
			path = Sources;
			sourceTree = "<group>";
		};
		07E27A031C1E8AF30004CBE7 /* Sources */ = {
			isa = PBXGroup;
			children = (
				07E27A041C1E8AF30004CBE7 /* Camera.cpp */,
				07E27A051C1E8AF30004CBE7 /* Entity.cpp */,
				07E27A061C1E8AF30004CBE7 /* Game.cpp */,
				07E27A071C1E8AF30004CBE7 /* GameEngine.cpp */,
				07E27A081C1E8AF30004CBE7 /* GameEngineUtilities.cpp */,
				07E27A091C1E8AF30004CBE7 /* MainWindow.cpp */,
				07E27A0A1C1E8AF30004CBE7 /* Player.cpp */,
				07E27A0B1C1E8AF30004CBE7 /* Polygon.cpp */,
				07E27A0C1C1E8AF30004CBE7 /* Renderer.cpp */,
				07E27A0D1C1E8AF30004CBE7 /* Scene.cpp */,
				071AE6481C1F6466004751FA /* Sprite.cpp */,
				07E27A0E1C1E8AF30004CBE7 /* Texture.cpp */,
			);
			path = Sources;
			sourceTree = "<group>";
		};
		07E27A101C1E8AF30004CBE7 /* Widgets */ = {
			isa = PBXGroup;
			children = (
				07E27A131C1E8AF30004CBE7 /* Sources */,
				07E27A111C1E8AF30004CBE7 /* ButtonWidget.hpp */,
				07E27A121C1E8AF30004CBE7 /* ContainerWidget.hpp */,
				07E27A171C1E8AF30004CBE7 /* Widget.hpp */,
			);
			path = Widgets;
			sourceTree = "<group>";
		};
		07E27A131C1E8AF30004CBE7 /* Sources */ = {
			isa = PBXGroup;
			children = (
				07E27A141C1E8AF30004CBE7 /* ButtonWidget.cpp */,
				07E27A151C1E8AF30004CBE7 /* ContainerWidget.cpp */,
				07E27A161C1E8AF30004CBE7 /* Widget.cpp */,
			);
			path = Sources;
			sourceTree = "<group>";
		};
/* End PBXGroup section */

/* Begin PBXNativeTarget section */
		0700CC451BFE7A75009A4AFA /* GameEngineV2 */ = {
			isa = PBXNativeTarget;
			buildConfigurationList = 0700CC4D1BFE7A75009A4AFA /* Build configuration list for PBXNativeTarget "GameEngineV2" */;
			buildPhases = (
				0700CC421BFE7A75009A4AFA /* Sources */,
				0700CC431BFE7A75009A4AFA /* Frameworks */,
				0700CC441BFE7A75009A4AFA /* CopyFiles */,
			);
			buildRules = (
			);
			dependencies = (
			);
			name = GameEngineV2;
			productName = GameEngineV2;
			productReference = 0700CC461BFE7A75009A4AFA /* GameEngineV2 */;
			productType = "com.apple.product-type.tool";
		};
/* End PBXNativeTarget section */

/* Begin PBXProject section */
		0700CC3E1BFE7A75009A4AFA /* Project object */ = {
			isa = PBXProject;
			attributes = {
				LastUpgradeCheck = 0710;
				ORGANIZATIONNAME = ARSC;
				TargetAttributes = {
					0700CC451BFE7A75009A4AFA = {
						CreatedOnToolsVersion = 7.1.1;
					};
				};
			};
			buildConfigurationList = 0700CC411BFE7A75009A4AFA /* Build configuration list for PBXProject "GameEngineV2" */;
			compatibilityVersion = "Xcode 3.2";
			developmentRegion = English;
			hasScannedForEncodings = 0;
			knownRegions = (
				en,
			);
			mainGroup = 0700CC3D1BFE7A75009A4AFA;
			productRefGroup = 0700CC471BFE7A75009A4AFA /* Products */;
			projectDirPath = "";
			projectRoot = "";
			targets = (
				0700CC451BFE7A75009A4AFA /* GameEngineV2 */,
			);
		};
/* End PBXProject section */

/* Begin PBXSourcesBuildPhase section */
		0700CC421BFE7A75009A4AFA /* Sources */ = {
			isa = PBXSourcesBuildPhase;
			buildActionMask = 2147483647;
			files = (
				07E27A1B1C1E8AF30004CBE7 /* TextureRenderer.cpp in Sources */,
				07A0D1321C1DE2E0008EBF83 /* XMLEntityLoader.cpp in Sources */,
				07A0D1331C1DE2E0008EBF83 /* XMLLoader.cpp in Sources */,
				071AE64A1C1F6466004751FA /* Sprite.cpp in Sources */,
				07A0D1341C1DE2E0008EBF83 /* XMLPlayerLoader.cpp in Sources */,
				07A0D1351C1DE2E0008EBF83 /* XMLSceneLoader.cpp in Sources */,
				07E27A221C1E8AF30004CBE7 /* Player.cpp in Sources */,
				07A0D1361C1DE2E0008EBF83 /* XMLTextureLoader.cpp in Sources */,
				07A0D1371C1DE2E0008EBF83 /* pugixml.cpp in Sources */,
				07E27A241C1E8AF30004CBE7 /* Renderer.cpp in Sources */,
				07E27A2A1C1E8AF30004CBE7 /* main.cpp in Sources */,
				07E27A281C1E8AF30004CBE7 /* ContainerWidget.cpp in Sources */,
				07E27A1D1C1E8AF30004CBE7 /* Entity.cpp in Sources */,
				07E27A1E1C1E8AF30004CBE7 /* Game.cpp in Sources */,
				07E27A1F1C1E8AF30004CBE7 /* GameEngine.cpp in Sources */,
				07E27A251C1E8AF30004CBE7 /* Scene.cpp in Sources */,
				07E27A191C1E8AF30004CBE7 /* ListObject.cpp in Sources */,
				07E27A261C1E8AF30004CBE7 /* Texture.cpp in Sources */,
				07E27A201C1E8AF30004CBE7 /* GameEngineUtilities.cpp in Sources */,
				07E27A271C1E8AF30004CBE7 /* ButtonWidget.cpp in Sources */,
				07E27A291C1E8AF30004CBE7 /* Widget.cpp in Sources */,
				07E27A231C1E8AF30004CBE7 /* Polygon.cpp in Sources */,
				07E27A1C1C1E8AF30004CBE7 /* Camera.cpp in Sources */,
				07E27A211C1E8AF30004CBE7 /* MainWindow.cpp in Sources */,
				07E27A1A1C1E8AF30004CBE7 /* PhysicObject.cpp in Sources */,
			);
			runOnlyForDeploymentPostprocessing = 0;
		};
/* End PBXSourcesBuildPhase section */

/* Begin XCBuildConfiguration section */
		0700CC4B1BFE7A75009A4AFA /* Debug */ = {
			isa = XCBuildConfiguration;
			buildSettings = {
				ALWAYS_SEARCH_USER_PATHS = NO;
				CLANG_CXX_LANGUAGE_STANDARD = "gnu++0x";
				CLANG_CXX_LIBRARY = "libc++";
				CLANG_ENABLE_MODULES = YES;
				CLANG_ENABLE_OBJC_ARC = YES;
				CLANG_WARN_BOOL_CONVERSION = YES;
				CLANG_WARN_CONSTANT_CONVERSION = YES;
				CLANG_WARN_DIRECT_OBJC_ISA_USAGE = YES_ERROR;
				CLANG_WARN_EMPTY_BODY = YES;
				CLANG_WARN_ENUM_CONVERSION = YES;
				CLANG_WARN_INT_CONVERSION = YES;
				CLANG_WARN_OBJC_ROOT_CLASS = YES_ERROR;
				CLANG_WARN_UNREACHABLE_CODE = YES;
				CLANG_WARN__DUPLICATE_METHOD_MATCH = YES;
				CODE_SIGN_IDENTITY = "-";
				COPY_PHASE_STRIP = NO;
				DEBUG_INFORMATION_FORMAT = dwarf;
				ENABLE_STRICT_OBJC_MSGSEND = YES;
				ENABLE_TESTABILITY = YES;
				GCC_C_LANGUAGE_STANDARD = gnu99;
				GCC_DYNAMIC_NO_PIC = NO;
				GCC_NO_COMMON_BLOCKS = YES;
				GCC_OPTIMIZATION_LEVEL = 0;
				GCC_PREPROCESSOR_DEFINITIONS = (
					"DEBUG=1",
					"$(inherited)",
				);
				GCC_WARN_64_TO_32_BIT_CONVERSION = YES;
				GCC_WARN_ABOUT_RETURN_TYPE = YES_ERROR;
				GCC_WARN_UNDECLARED_SELECTOR = YES;
				GCC_WARN_UNINITIALIZED_AUTOS = YES_AGGRESSIVE;
				GCC_WARN_UNUSED_FUNCTION = YES;
				GCC_WARN_UNUSED_VARIABLE = YES;
				MACOSX_DEPLOYMENT_TARGET = 10.11;
				MTL_ENABLE_DEBUG_INFO = YES;
				ONLY_ACTIVE_ARCH = YES;
				SDKROOT = macosx;
			};
			name = Debug;
		};
		0700CC4C1BFE7A75009A4AFA /* Release */ = {
			isa = XCBuildConfiguration;
			buildSettings = {
				ALWAYS_SEARCH_USER_PATHS = NO;
				CLANG_CXX_LANGUAGE_STANDARD = "gnu++0x";
				CLANG_CXX_LIBRARY = "libc++";
				CLANG_ENABLE_MODULES = YES;
				CLANG_ENABLE_OBJC_ARC = YES;
				CLANG_WARN_BOOL_CONVERSION = YES;
				CLANG_WARN_CONSTANT_CONVERSION = YES;
				CLANG_WARN_DIRECT_OBJC_ISA_USAGE = YES_ERROR;
				CLANG_WARN_EMPTY_BODY = YES;
				CLANG_WARN_ENUM_CONVERSION = YES;
				CLANG_WARN_INT_CONVERSION = YES;
				CLANG_WARN_OBJC_ROOT_CLASS = YES_ERROR;
				CLANG_WARN_UNREACHABLE_CODE = YES;
				CLANG_WARN__DUPLICATE_METHOD_MATCH = YES;
				CODE_SIGN_IDENTITY = "-";
				COPY_PHASE_STRIP = NO;
				DEBUG_INFORMATION_FORMAT = "dwarf-with-dsym";
				ENABLE_NS_ASSERTIONS = NO;
				ENABLE_STRICT_OBJC_MSGSEND = YES;
				GCC_C_LANGUAGE_STANDARD = gnu99;
				GCC_NO_COMMON_BLOCKS = YES;
				GCC_WARN_64_TO_32_BIT_CONVERSION = YES;
				GCC_WARN_ABOUT_RETURN_TYPE = YES_ERROR;
				GCC_WARN_UNDECLARED_SELECTOR = YES;
				GCC_WARN_UNINITIALIZED_AUTOS = YES_AGGRESSIVE;
				GCC_WARN_UNUSED_FUNCTION = YES;
				GCC_WARN_UNUSED_VARIABLE = YES;
				MACOSX_DEPLOYMENT_TARGET = 10.11;
				MTL_ENABLE_DEBUG_INFO = NO;
				SDKROOT = macosx;
			};
			name = Release;
		};
		0700CC4E1BFE7A75009A4AFA /* Debug */ = {
			isa = XCBuildConfiguration;
			buildSettings = {
				PRODUCT_NAME = "$(TARGET_NAME)";
			};
			name = Debug;
		};
		0700CC4F1BFE7A75009A4AFA /* Release */ = {
			isa = XCBuildConfiguration;
			buildSettings = {
				PRODUCT_NAME = "$(TARGET_NAME)";
			};
			name = Release;
		};
/* End XCBuildConfiguration section */

/* Begin XCConfigurationList section */
		0700CC411BFE7A75009A4AFA /* Build configuration list for PBXProject "GameEngineV2" */ = {
			isa = XCConfigurationList;
			buildConfigurations = (
				0700CC4B1BFE7A75009A4AFA /* Debug */,
				0700CC4C1BFE7A75009A4AFA /* Release */,
			);
			defaultConfigurationIsVisible = 0;
			defaultConfigurationName = Release;
		};
		0700CC4D1BFE7A75009A4AFA /* Build configuration list for PBXNativeTarget "GameEngineV2" */ = {
			isa = XCConfigurationList;
			buildConfigurations = (
				0700CC4E1BFE7A75009A4AFA /* Debug */,
				0700CC4F1BFE7A75009A4AFA /* Release */,
			);
			defaultConfigurationIsVisible = 0;
			defaultConfigurationName = Release;
		};
/* End XCConfigurationList section */
	};
	rootObject = 0700CC3E1BFE7A75009A4AFA /* Project object */;
}
