// !$*UTF8*$!
{
	archiveVersion = 1;
	classes = {
	};
	objectVersion = 46;
	objects = {

/* Begin PBXBuildFile section */
		0712041B1E189245009C86D3 /* Animator.cpp in Sources */ = {isa = PBXBuildFile; fileRef = 07ACC6301CA0E59D00ED1DFB /* Animator.cpp */; };
		0712041C1E189245009C86D3 /* Collision.cpp in Sources */ = {isa = PBXBuildFile; fileRef = 07ACC6E21CA151AC00ED1DFB /* Collision.cpp */; };
		0712041D1E189245009C86D3 /* PhysicController.cpp in Sources */ = {isa = PBXBuildFile; fileRef = 07CD5A3A1CA4F48B00C78DD9 /* PhysicController.cpp */; };
		0712041E1E189245009C86D3 /* Timer.cpp in Sources */ = {isa = PBXBuildFile; fileRef = 07AFCA251DCDBA2F00AD23B4 /* Timer.cpp */; };
		0712041F1E189245009C86D3 /* Grid2D.cpp in Sources */ = {isa = PBXBuildFile; fileRef = 07F4C3121D9738EB005E3AC0 /* Grid2D.cpp */; };
		071204201E189245009C86D3 /* Color.cpp in Sources */ = {isa = PBXBuildFile; fileRef = 078763441CA0A13300A8A59E /* Color.cpp */; };
		071204211E189245009C86D3 /* Debug.cpp in Sources */ = {isa = PBXBuildFile; fileRef = 078482E11CE2B3FF0030B829 /* Debug.cpp */; };
		071204221E189245009C86D3 /* Framerate.cpp in Sources */ = {isa = PBXBuildFile; fileRef = 07FE1B221D092D0500BAEBD1 /* Framerate.cpp */; };
		071204231E189245009C86D3 /* Game.cpp in Sources */ = {isa = PBXBuildFile; fileRef = 0787633E1CA09F1D00A8A59E /* Game.cpp */; };
		071204241E189245009C86D3 /* GE_SDL.cpp in Sources */ = {isa = PBXBuildFile; fileRef = 078763571CA0C1FE00A8A59E /* GE_SDL.cpp */; };
		071204251E189245009C86D3 /* Geometry.cpp in Sources */ = {isa = PBXBuildFile; fileRef = 078763471CA0A1CE00A8A59E /* Geometry.cpp */; };
		071204261E189245009C86D3 /* Input.cpp in Sources */ = {isa = PBXBuildFile; fileRef = 078763541CA0BC6D00A8A59E /* Input.cpp */; };
		071204271E189245009C86D3 /* Object.cpp in Sources */ = {isa = PBXBuildFile; fileRef = 0787634E1CA0B1BB00A8A59E /* Object.cpp */; };
		071204281E189245009C86D3 /* ObjectModule.cpp in Sources */ = {isa = PBXBuildFile; fileRef = 07ACC66D1CA10EB500ED1DFB /* ObjectModule.cpp */; };
		071204291E189245009C86D3 /* Renderer.cpp in Sources */ = {isa = PBXBuildFile; fileRef = 078763411CA09F4A00A8A59E /* Renderer.cpp */; };
		0712042A1E189245009C86D3 /* Scene.cpp in Sources */ = {isa = PBXBuildFile; fileRef = 078763511CA0B52900A8A59E /* Scene.cpp */; };
		0712042B1E189245009C86D3 /* Script.cpp in Sources */ = {isa = PBXBuildFile; fileRef = 07B6D9B81D9610FA00F88032 /* Script.cpp */; };
		0712042C1E189245009C86D3 /* Sound.cpp in Sources */ = {isa = PBXBuildFile; fileRef = 0729B6C31CF109D3007235EA /* Sound.cpp */; };
		0712042D1E189245009C86D3 /* Texture.cpp in Sources */ = {isa = PBXBuildFile; fileRef = 0787634B1CA0A40900A8A59E /* Texture.cpp */; };
		0712042E1E189245009C86D3 /* Time.cpp in Sources */ = {isa = PBXBuildFile; fileRef = 07CD5A311CA4A97D00C78DD9 /* Time.cpp */; };
		0712042F1E189245009C86D3 /* Vector.cpp in Sources */ = {isa = PBXBuildFile; fileRef = 0787633B1CA09E2C00A8A59E /* Vector.cpp */; };
		071204301E189245009C86D3 /* Window.cpp in Sources */ = {isa = PBXBuildFile; fileRef = 0791DB051CA795EE004D2C63 /* Window.cpp */; };
		0712043C1E18994F009C86D3 /* SDL2_image.framework in Frameworks */ = {isa = PBXBuildFile; fileRef = 07A5C2F01DD66E3900100C5E /* SDL2_image.framework */; };
		0712043D1E18994F009C86D3 /* SDL2_mixer.framework in Frameworks */ = {isa = PBXBuildFile; fileRef = 07A5C2F11DD66E3900100C5E /* SDL2_mixer.framework */; };
		0712043E1E18994F009C86D3 /* SDL2_ttf.framework in Frameworks */ = {isa = PBXBuildFile; fileRef = 07A5C2F21DD66E3900100C5E /* SDL2_ttf.framework */; };
		0712043F1E18994F009C86D3 /* SDL2.framework in Frameworks */ = {isa = PBXBuildFile; fileRef = 07A5C2F31DD66E3900100C5E /* SDL2.framework */; };
		0729B6C51CF109D3007235EA /* Sound.cpp in Sources */ = {isa = PBXBuildFile; fileRef = 0729B6C31CF109D3007235EA /* Sound.cpp */; };
		072EB08F1C9CF72400E87910 /* main.cpp in Sources */ = {isa = PBXBuildFile; fileRef = 072EB08E1C9CF72400E87910 /* main.cpp */; };
		075515821E1C493600276871 /* cJSON.c in Sources */ = {isa = PBXBuildFile; fileRef = 075515801E1C493600276871 /* cJSON.c */; };
		07577A0C1E1C8D3F000EDFFA /* libboost_serialization.a in Frameworks */ = {isa = PBXBuildFile; fileRef = 07577A0A1E1C686F000EDFFA /* libboost_serialization.a */; };
		07577A891E1C973B000EDFFA /* libboost_serialization.a in Frameworks */ = {isa = PBXBuildFile; fileRef = 07577A0A1E1C686F000EDFFA /* libboost_serialization.a */; };
		07577A8E1E1CAA28000EDFFA /* liblua.a in Frameworks */ = {isa = PBXBuildFile; fileRef = 07577A8D1E1CAA28000EDFFA /* liblua.a */; };
		078482E31CE2B3FF0030B829 /* Debug.cpp in Sources */ = {isa = PBXBuildFile; fileRef = 078482E11CE2B3FF0030B829 /* Debug.cpp */; };
		0787633D1CA09E2C00A8A59E /* Vector.cpp in Sources */ = {isa = PBXBuildFile; fileRef = 0787633B1CA09E2C00A8A59E /* Vector.cpp */; };
		078763401CA09F1D00A8A59E /* Game.cpp in Sources */ = {isa = PBXBuildFile; fileRef = 0787633E1CA09F1D00A8A59E /* Game.cpp */; };
		078763431CA09F4A00A8A59E /* Renderer.cpp in Sources */ = {isa = PBXBuildFile; fileRef = 078763411CA09F4A00A8A59E /* Renderer.cpp */; };
		078763461CA0A13300A8A59E /* Color.cpp in Sources */ = {isa = PBXBuildFile; fileRef = 078763441CA0A13300A8A59E /* Color.cpp */; };
		078763491CA0A1CE00A8A59E /* Geometry.cpp in Sources */ = {isa = PBXBuildFile; fileRef = 078763471CA0A1CE00A8A59E /* Geometry.cpp */; };
		0787634D1CA0A40900A8A59E /* Texture.cpp in Sources */ = {isa = PBXBuildFile; fileRef = 0787634B1CA0A40900A8A59E /* Texture.cpp */; };
		078763501CA0B1BB00A8A59E /* Object.cpp in Sources */ = {isa = PBXBuildFile; fileRef = 0787634E1CA0B1BB00A8A59E /* Object.cpp */; };
		078763531CA0B52900A8A59E /* Scene.cpp in Sources */ = {isa = PBXBuildFile; fileRef = 078763511CA0B52900A8A59E /* Scene.cpp */; };
		078763561CA0BC6D00A8A59E /* Input.cpp in Sources */ = {isa = PBXBuildFile; fileRef = 078763541CA0BC6D00A8A59E /* Input.cpp */; };
		078763581CA0C1FE00A8A59E /* GE_SDL.cpp in Sources */ = {isa = PBXBuildFile; fileRef = 078763571CA0C1FE00A8A59E /* GE_SDL.cpp */; };
		0791DB061CA795EE004D2C63 /* Window.cpp in Sources */ = {isa = PBXBuildFile; fileRef = 0791DB051CA795EE004D2C63 /* Window.cpp */; };
		07A5C2F41DD66E3900100C5E /* SDL2_image.framework in Frameworks */ = {isa = PBXBuildFile; fileRef = 07A5C2F01DD66E3900100C5E /* SDL2_image.framework */; };
		07A5C2F51DD66E3900100C5E /* SDL2_mixer.framework in Frameworks */ = {isa = PBXBuildFile; fileRef = 07A5C2F11DD66E3900100C5E /* SDL2_mixer.framework */; };
		07A5C2F61DD66E3900100C5E /* SDL2_ttf.framework in Frameworks */ = {isa = PBXBuildFile; fileRef = 07A5C2F21DD66E3900100C5E /* SDL2_ttf.framework */; };
		07A5C2F71DD66E3900100C5E /* SDL2.framework in Frameworks */ = {isa = PBXBuildFile; fileRef = 07A5C2F31DD66E3900100C5E /* SDL2.framework */; };
		07ACC6321CA0E59D00ED1DFB /* Animator.cpp in Sources */ = {isa = PBXBuildFile; fileRef = 07ACC6301CA0E59D00ED1DFB /* Animator.cpp */; };
		07ACC66F1CA10EB500ED1DFB /* ObjectModule.cpp in Sources */ = {isa = PBXBuildFile; fileRef = 07ACC66D1CA10EB500ED1DFB /* ObjectModule.cpp */; };
		07ACC6E41CA151AC00ED1DFB /* Collision.cpp in Sources */ = {isa = PBXBuildFile; fileRef = 07ACC6E21CA151AC00ED1DFB /* Collision.cpp */; };
		07AFCA271DCDBA2F00AD23B4 /* Timer.cpp in Sources */ = {isa = PBXBuildFile; fileRef = 07AFCA251DCDBA2F00AD23B4 /* Timer.cpp */; };
		07B41F261E22CFE600DA1B3E /* GroundCollision.cpp in Sources */ = {isa = PBXBuildFile; fileRef = 07B41F251E22CFE600DA1B3E /* GroundCollision.cpp */; };
		07B6D9BE1D961F1000F88032 /* Script.cpp in Sources */ = {isa = PBXBuildFile; fileRef = 07B6D9B81D9610FA00F88032 /* Script.cpp */; };
		07CD5A331CA4A97D00C78DD9 /* Time.cpp in Sources */ = {isa = PBXBuildFile; fileRef = 07CD5A311CA4A97D00C78DD9 /* Time.cpp */; };
		07CD5A3C1CA4F48B00C78DD9 /* PhysicController.cpp in Sources */ = {isa = PBXBuildFile; fileRef = 07CD5A3A1CA4F48B00C78DD9 /* PhysicController.cpp */; };
		07D455D11DE7667F00673E3A /* Chess.cpp in Sources */ = {isa = PBXBuildFile; fileRef = 07D455CF1DE7667F00673E3A /* Chess.cpp */; };
		07E3D9331DD03A610022EF1E /* Grid_Test.cpp in Sources */ = {isa = PBXBuildFile; fileRef = 07E3D9311DD03A610022EF1E /* Grid_Test.cpp */; };
		07F4C3061D970256005E3AC0 /* GameOfLife.cpp in Sources */ = {isa = PBXBuildFile; fileRef = 07F4C2FB1D970256005E3AC0 /* GameOfLife.cpp */; };
		07F4C3071D970256005E3AC0 /* O1.cpp in Sources */ = {isa = PBXBuildFile; fileRef = 07F4C2FE1D970256005E3AC0 /* O1.cpp */; };
		07F4C3081D970256005E3AC0 /* Pokemon.cpp in Sources */ = {isa = PBXBuildFile; fileRef = 07F4C3001D970256005E3AC0 /* Pokemon.cpp */; };
		07F4C3091D970256005E3AC0 /* SP_Scene.cpp in Sources */ = {isa = PBXBuildFile; fileRef = 07F4C3021D970256005E3AC0 /* SP_Scene.cpp */; };
		07F4C30A1D970256005E3AC0 /* SP.cpp in Sources */ = {isa = PBXBuildFile; fileRef = 07F4C3041D970256005E3AC0 /* SP.cpp */; };
		07F4C3141D9738EB005E3AC0 /* Grid2D.cpp in Sources */ = {isa = PBXBuildFile; fileRef = 07F4C3121D9738EB005E3AC0 /* Grid2D.cpp */; };
		07FE1B241D092D0500BAEBD1 /* Framerate.cpp in Sources */ = {isa = PBXBuildFile; fileRef = 07FE1B221D092D0500BAEBD1 /* Framerate.cpp */; };
/* End PBXBuildFile section */

/* Begin PBXCopyFilesBuildPhase section */
		072EB0891C9CF72400E87910 /* CopyFiles */ = {
			isa = PBXCopyFilesBuildPhase;
			buildActionMask = 2147483647;
			dstPath = /usr/share/man/man1/;
			dstSubfolderSpec = 0;
			files = (
			);
			runOnlyForDeploymentPostprocessing = 1;
		};
		0793F7AD1CF68B01007E30CC /* CopyFiles */ = {
			isa = PBXCopyFilesBuildPhase;
			buildActionMask = 2147483647;
			dstPath = /usr/share/man/man1/;
			dstSubfolderSpec = 0;
			files = (
			);
			runOnlyForDeploymentPostprocessing = 1;
		};
/* End PBXCopyFilesBuildPhase section */

/* Begin PBXFileReference section */
		0712040D1E189204009C86D3 /* libGameEngine.a */ = {isa = PBXFileReference; explicitFileType = archive.ar; includeInIndex = 0; path = libGameEngine.a; sourceTree = BUILT_PRODUCTS_DIR; };
		0729B6C31CF109D3007235EA /* Sound.cpp */ = {isa = PBXFileReference; fileEncoding = 4; lastKnownFileType = sourcecode.cpp.cpp; path = Sound.cpp; sourceTree = "<group>"; };
		0729B6C41CF109D3007235EA /* Sound.hpp */ = {isa = PBXFileReference; fileEncoding = 4; lastKnownFileType = sourcecode.cpp.h; path = Sound.hpp; sourceTree = "<group>"; };
		072BB6A31D29FE6700A8F85B /* Resources */ = {isa = PBXFileReference; lastKnownFileType = folder; path = Resources; sourceTree = "<group>"; };
		072EB08B1C9CF72400E87910 /* GameEngineV3 */ = {isa = PBXFileReference; explicitFileType = "compiled.mach-o.executable"; includeInIndex = 0; path = GameEngineV3; sourceTree = BUILT_PRODUCTS_DIR; };
		072EB08E1C9CF72400E87910 /* main.cpp */ = {isa = PBXFileReference; indentWidth = 2; lastKnownFileType = sourcecode.cpp.cpp; path = main.cpp; sourceTree = "<group>"; tabWidth = 2; };
		075515801E1C493600276871 /* cJSON.c */ = {isa = PBXFileReference; fileEncoding = 4; lastKnownFileType = sourcecode.c.c; name = cJSON.c; path = ExternalLibs/JSON/cJSON.c; sourceTree = "<group>"; };
		075515811E1C493600276871 /* cJSON.h */ = {isa = PBXFileReference; fileEncoding = 4; lastKnownFileType = sourcecode.c.h; name = cJSON.h; path = ExternalLibs/JSON/cJSON.h; sourceTree = "<group>"; };
		07577A0A1E1C686F000EDFFA /* libboost_serialization.a */ = {isa = PBXFileReference; lastKnownFileType = archive.ar; name = libboost_serialization.a; path = ../../../../../../../usr/local/Cellar/boost/1.63.0/lib/libboost_serialization.a; sourceTree = "<group>"; };
		07577A8D1E1CAA28000EDFFA /* liblua.a */ = {isa = PBXFileReference; lastKnownFileType = archive.ar; name = liblua.a; path = ../../../../../../../usr/local/lib/lua/liblua.a; sourceTree = "<group>"; };
		076610EC1D02363C00531253 /* XcodeCoverage.xcconfig */ = {isa = PBXFileReference; lastKnownFileType = text.xcconfig; name = XcodeCoverage.xcconfig; path = XcodeCoverage/XcodeCoverage.xcconfig; sourceTree = "<group>"; };
		07818F621CD4448A00042026 /* libBox2D.a */ = {isa = PBXFileReference; lastKnownFileType = archive.ar; path = libBox2D.a; sourceTree = "<group>"; };
		078482E11CE2B3FF0030B829 /* Debug.cpp */ = {isa = PBXFileReference; fileEncoding = 4; lastKnownFileType = sourcecode.cpp.cpp; path = Debug.cpp; sourceTree = "<group>"; };
		078482E21CE2B3FF0030B829 /* Debug.hpp */ = {isa = PBXFileReference; fileEncoding = 4; lastKnownFileType = sourcecode.cpp.h; path = Debug.hpp; sourceTree = "<group>"; };
		0787633B1CA09E2C00A8A59E /* Vector.cpp */ = {isa = PBXFileReference; fileEncoding = 4; indentWidth = 2; lastKnownFileType = sourcecode.cpp.cpp; path = Vector.cpp; sourceTree = "<group>"; tabWidth = 2; };
		0787633C1CA09E2C00A8A59E /* Vector.hpp */ = {isa = PBXFileReference; fileEncoding = 4; indentWidth = 2; lastKnownFileType = sourcecode.cpp.h; path = Vector.hpp; sourceTree = "<group>"; tabWidth = 2; };
		0787633E1CA09F1D00A8A59E /* Game.cpp */ = {isa = PBXFileReference; fileEncoding = 4; indentWidth = 2; lastKnownFileType = sourcecode.cpp.cpp; path = Game.cpp; sourceTree = "<group>"; tabWidth = 2; };
		0787633F1CA09F1D00A8A59E /* Game.hpp */ = {isa = PBXFileReference; fileEncoding = 4; indentWidth = 2; lastKnownFileType = sourcecode.cpp.h; path = Game.hpp; sourceTree = "<group>"; tabWidth = 2; };
		078763411CA09F4A00A8A59E /* Renderer.cpp */ = {isa = PBXFileReference; fileEncoding = 4; indentWidth = 2; lastKnownFileType = sourcecode.cpp.cpp; lineEnding = 0; path = Renderer.cpp; sourceTree = "<group>"; tabWidth = 2; xcLanguageSpecificationIdentifier = xcode.lang.cpp; };
		078763421CA09F4A00A8A59E /* Renderer.hpp */ = {isa = PBXFileReference; fileEncoding = 4; indentWidth = 2; lastKnownFileType = sourcecode.cpp.h; lineEnding = 0; path = Renderer.hpp; sourceTree = "<group>"; tabWidth = 2; xcLanguageSpecificationIdentifier = xcode.lang.cpp; };
		078763441CA0A13300A8A59E /* Color.cpp */ = {isa = PBXFileReference; fileEncoding = 4; indentWidth = 2; lastKnownFileType = sourcecode.cpp.cpp; path = Color.cpp; sourceTree = "<group>"; tabWidth = 2; };
		078763451CA0A13300A8A59E /* Color.hpp */ = {isa = PBXFileReference; fileEncoding = 4; indentWidth = 2; lastKnownFileType = sourcecode.cpp.h; path = Color.hpp; sourceTree = "<group>"; tabWidth = 2; };
		078763471CA0A1CE00A8A59E /* Geometry.cpp */ = {isa = PBXFileReference; fileEncoding = 4; indentWidth = 2; lastKnownFileType = sourcecode.cpp.cpp; path = Geometry.cpp; sourceTree = "<group>"; tabWidth = 2; };
		078763481CA0A1CE00A8A59E /* Geometry.hpp */ = {isa = PBXFileReference; fileEncoding = 4; indentWidth = 2; lastKnownFileType = sourcecode.cpp.h; path = Geometry.hpp; sourceTree = "<group>"; tabWidth = 2; };
		0787634B1CA0A40900A8A59E /* Texture.cpp */ = {isa = PBXFileReference; fileEncoding = 4; indentWidth = 2; lastKnownFileType = sourcecode.cpp.cpp; lineEnding = 0; path = Texture.cpp; sourceTree = "<group>"; tabWidth = 2; xcLanguageSpecificationIdentifier = xcode.lang.cpp; };
		0787634C1CA0A40900A8A59E /* Texture.hpp */ = {isa = PBXFileReference; fileEncoding = 4; indentWidth = 2; lastKnownFileType = sourcecode.cpp.h; lineEnding = 0; path = Texture.hpp; sourceTree = "<group>"; tabWidth = 2; xcLanguageSpecificationIdentifier = xcode.lang.cpp; };
		0787634E1CA0B1BB00A8A59E /* Object.cpp */ = {isa = PBXFileReference; fileEncoding = 4; indentWidth = 2; lastKnownFileType = sourcecode.cpp.cpp; path = Object.cpp; sourceTree = "<group>"; tabWidth = 2; };
		0787634F1CA0B1BB00A8A59E /* Object.hpp */ = {isa = PBXFileReference; fileEncoding = 4; indentWidth = 2; lastKnownFileType = sourcecode.cpp.h; path = Object.hpp; sourceTree = "<group>"; tabWidth = 2; };
		078763511CA0B52900A8A59E /* Scene.cpp */ = {isa = PBXFileReference; fileEncoding = 4; indentWidth = 2; lastKnownFileType = sourcecode.cpp.cpp; path = Scene.cpp; sourceTree = "<group>"; tabWidth = 2; };
		078763521CA0B52900A8A59E /* Scene.hpp */ = {isa = PBXFileReference; fileEncoding = 4; indentWidth = 2; lastKnownFileType = sourcecode.cpp.h; path = Scene.hpp; sourceTree = "<group>"; tabWidth = 2; };
		078763541CA0BC6D00A8A59E /* Input.cpp */ = {isa = PBXFileReference; fileEncoding = 4; indentWidth = 2; lastKnownFileType = sourcecode.cpp.cpp; path = Input.cpp; sourceTree = "<group>"; tabWidth = 2; };
		078763551CA0BC6D00A8A59E /* Input.hpp */ = {isa = PBXFileReference; fileEncoding = 4; indentWidth = 2; lastKnownFileType = sourcecode.cpp.h; path = Input.hpp; sourceTree = "<group>"; tabWidth = 2; };
		078763571CA0C1FE00A8A59E /* GE_SDL.cpp */ = {isa = PBXFileReference; fileEncoding = 4; indentWidth = 2; lastKnownFileType = sourcecode.cpp.cpp; path = GE_SDL.cpp; sourceTree = "<group>"; tabWidth = 2; };
		0791DB051CA795EE004D2C63 /* Window.cpp */ = {isa = PBXFileReference; fileEncoding = 4; lastKnownFileType = sourcecode.cpp.cpp; path = Window.cpp; sourceTree = "<group>"; };
		0791DB071CA796B3004D2C63 /* GE_SDL.hpp */ = {isa = PBXFileReference; fileEncoding = 4; lastKnownFileType = sourcecode.cpp.h; path = GE_SDL.hpp; sourceTree = "<group>"; };
		0791DB091CA79708004D2C63 /* Window.hpp */ = {isa = PBXFileReference; fileEncoding = 4; lastKnownFileType = sourcecode.cpp.h; path = Window.hpp; sourceTree = "<group>"; };
		0793F7601CF688BB007E30CC /* .gitignore */ = {isa = PBXFileReference; fileEncoding = 4; lastKnownFileType = text; path = .gitignore; sourceTree = "<group>"; };
		0793F7611CF688BB007E30CC /* CHANGELOG.md */ = {isa = PBXFileReference; fileEncoding = 4; lastKnownFileType = net.daringfireball.markdown; path = CHANGELOG.md; sourceTree = "<group>"; };
		0793F7621CF688BB007E30CC /* cleancov */ = {isa = PBXFileReference; fileEncoding = 4; lastKnownFileType = text.script.sh; path = cleancov; sourceTree = "<group>"; };
		0793F7631CF688BB007E30CC /* envcov.sh */ = {isa = PBXFileReference; fileEncoding = 4; lastKnownFileType = text.script.sh; path = envcov.sh; sourceTree = "<group>"; };
		0793F7641CF688BC007E30CC /* exportenv.sh */ = {isa = PBXFileReference; fileEncoding = 4; lastKnownFileType = text.script.sh; path = exportenv.sh; sourceTree = "<group>"; };
		0793F7651CF688BC007E30CC /* getcov */ = {isa = PBXFileReference; fileEncoding = 4; lastKnownFileType = text.script.sh; path = getcov; sourceTree = "<group>"; };
		0793F7681CF688BC007E30CC /* gendesc */ = {isa = PBXFileReference; fileEncoding = 4; lastKnownFileType = text.script.perl; path = gendesc; sourceTree = "<group>"; };
		0793F7691CF688BC007E30CC /* genhtml */ = {isa = PBXFileReference; fileEncoding = 4; lastKnownFileType = text.script.perl; path = genhtml; sourceTree = "<group>"; };
		0793F76A1CF688BC007E30CC /* geninfo */ = {isa = PBXFileReference; fileEncoding = 4; lastKnownFileType = text.script.perl; path = geninfo; sourceTree = "<group>"; };
		0793F76B1CF688BC007E30CC /* genpng */ = {isa = PBXFileReference; fileEncoding = 4; lastKnownFileType = text.script.perl; path = genpng; sourceTree = "<group>"; };
		0793F76C1CF688BC007E30CC /* get_version.sh */ = {isa = PBXFileReference; fileEncoding = 4; lastKnownFileType = text.script.sh; path = get_version.sh; sourceTree = "<group>"; };
		0793F76D1CF688BC007E30CC /* lcov */ = {isa = PBXFileReference; fileEncoding = 4; lastKnownFileType = text.script.perl; path = lcov; sourceTree = "<group>"; };
		0793F76E1CF688BC007E30CC /* COPYING */ = {isa = PBXFileReference; fileEncoding = 4; lastKnownFileType = text; path = COPYING; sourceTree = "<group>"; };
		0793F76F1CF688BC007E30CC /* lcov_cobertura.py */ = {isa = PBXFileReference; fileEncoding = 4; lastKnownFileType = text.script.python; path = lcov_cobertura.py; sourceTree = "<group>"; };
		0793F7701CF688BC007E30CC /* LICENSE.txt */ = {isa = PBXFileReference; fileEncoding = 4; lastKnownFileType = text; path = LICENSE.txt; sourceTree = "<group>"; };
		0793F7711CF688BC007E30CC /* llvm-cov-wrapper.sh */ = {isa = PBXFileReference; fileEncoding = 4; lastKnownFileType = text.script.sh; path = "llvm-cov-wrapper.sh"; sourceTree = "<group>"; };
		0793F7721CF688BC007E30CC /* README.md */ = {isa = PBXFileReference; fileEncoding = 4; lastKnownFileType = net.daringfireball.markdown; path = README.md; sourceTree = "<group>"; };
		0793F7731CF688BC007E30CC /* run_code_coverage_post.sh */ = {isa = PBXFileReference; fileEncoding = 4; lastKnownFileType = text.script.sh; path = run_code_coverage_post.sh; sourceTree = "<group>"; };
		0793F7741CF688BC007E30CC /* transform.xslt */ = {isa = PBXFileReference; fileEncoding = 4; lastKnownFileType = text.xml; path = transform.xslt; sourceTree = "<group>"; };
		0793F7751CF688BC007E30CC /* XcodeCoverage.podspec */ = {isa = PBXFileReference; fileEncoding = 4; lastKnownFileType = text; path = XcodeCoverage.podspec; sourceTree = "<group>"; };
		0793F7761CF688BC007E30CC /* XcodeCoverage.xcconfig */ = {isa = PBXFileReference; fileEncoding = 4; lastKnownFileType = text.xcconfig; path = XcodeCoverage.xcconfig; sourceTree = "<group>"; };
		0793F7AF1CF68B01007E30CC /* Test */ = {isa = PBXFileReference; explicitFileType = "compiled.mach-o.executable"; includeInIndex = 0; path = Test; sourceTree = BUILT_PRODUCTS_DIR; };
		0793F7B11CF68B01007E30CC /* main.cpp */ = {isa = PBXFileReference; lastKnownFileType = sourcecode.cpp.cpp; path = main.cpp; sourceTree = "<group>"; };
		0793F9101CF68C44007E30CC /* catch.hpp */ = {isa = PBXFileReference; fileEncoding = 4; lastKnownFileType = sourcecode.cpp.h; path = catch.hpp; sourceTree = "<group>"; };
		07A5C2F01DD66E3900100C5E /* SDL2_image.framework */ = {isa = PBXFileReference; lastKnownFileType = wrapper.framework; name = SDL2_image.framework; path = Platforms/MacOSX.platform/Developer/SDKs/MacOSX.sdk/System/Library/Frameworks/SDL2_image.framework; sourceTree = DEVELOPER_DIR; };
		07A5C2F11DD66E3900100C5E /* SDL2_mixer.framework */ = {isa = PBXFileReference; lastKnownFileType = wrapper.framework; name = SDL2_mixer.framework; path = Platforms/MacOSX.platform/Developer/SDKs/MacOSX.sdk/System/Library/Frameworks/SDL2_mixer.framework; sourceTree = DEVELOPER_DIR; };
		07A5C2F21DD66E3900100C5E /* SDL2_ttf.framework */ = {isa = PBXFileReference; lastKnownFileType = wrapper.framework; name = SDL2_ttf.framework; path = Platforms/MacOSX.platform/Developer/SDKs/MacOSX.sdk/System/Library/Frameworks/SDL2_ttf.framework; sourceTree = DEVELOPER_DIR; };
		07A5C2F31DD66E3900100C5E /* SDL2.framework */ = {isa = PBXFileReference; lastKnownFileType = wrapper.framework; name = SDL2.framework; path = Platforms/MacOSX.platform/Developer/SDKs/MacOSX.sdk/System/Library/Frameworks/SDL2.framework; sourceTree = DEVELOPER_DIR; };
		07ACC6301CA0E59D00ED1DFB /* Animator.cpp */ = {isa = PBXFileReference; fileEncoding = 4; indentWidth = 2; lastKnownFileType = sourcecode.cpp.cpp; path = Animator.cpp; sourceTree = "<group>"; tabWidth = 2; };
		07ACC6311CA0E59D00ED1DFB /* Animator.hpp */ = {isa = PBXFileReference; fileEncoding = 4; indentWidth = 2; lastKnownFileType = sourcecode.cpp.h; path = Animator.hpp; sourceTree = "<group>"; tabWidth = 2; };
		07ACC66D1CA10EB500ED1DFB /* ObjectModule.cpp */ = {isa = PBXFileReference; fileEncoding = 4; indentWidth = 2; lastKnownFileType = sourcecode.cpp.cpp; path = ObjectModule.cpp; sourceTree = "<group>"; tabWidth = 2; };
		07ACC66E1CA10EB500ED1DFB /* ObjectModule.hpp */ = {isa = PBXFileReference; fileEncoding = 4; indentWidth = 2; lastKnownFileType = sourcecode.cpp.h; path = ObjectModule.hpp; sourceTree = "<group>"; tabWidth = 2; };
		07ACC6E21CA151AC00ED1DFB /* Collision.cpp */ = {isa = PBXFileReference; fileEncoding = 4; indentWidth = 2; lastKnownFileType = sourcecode.cpp.cpp; path = Collision.cpp; sourceTree = "<group>"; tabWidth = 2; };
		07ACC6E31CA151AC00ED1DFB /* Collision.hpp */ = {isa = PBXFileReference; fileEncoding = 4; indentWidth = 2; lastKnownFileType = sourcecode.cpp.h; path = Collision.hpp; sourceTree = "<group>"; tabWidth = 2; };
		07AFCA251DCDBA2F00AD23B4 /* Timer.cpp */ = {isa = PBXFileReference; fileEncoding = 4; lastKnownFileType = sourcecode.cpp.cpp; path = Timer.cpp; sourceTree = "<group>"; };
		07AFCA261DCDBA2F00AD23B4 /* Timer.hpp */ = {isa = PBXFileReference; fileEncoding = 4; lastKnownFileType = sourcecode.cpp.h; path = Timer.hpp; sourceTree = "<group>"; };
		07B41F251E22CFE600DA1B3E /* GroundCollision.cpp */ = {isa = PBXFileReference; fileEncoding = 4; lastKnownFileType = sourcecode.cpp.cpp; path = GroundCollision.cpp; sourceTree = "<group>"; };
		07B6D9B81D9610FA00F88032 /* Script.cpp */ = {isa = PBXFileReference; fileEncoding = 4; lastKnownFileType = sourcecode.cpp.cpp; path = Script.cpp; sourceTree = "<group>"; };
		07B6D9B91D9610FA00F88032 /* Script.hpp */ = {isa = PBXFileReference; fileEncoding = 4; lastKnownFileType = sourcecode.cpp.h; path = Script.hpp; sourceTree = "<group>"; };
		07CD5A311CA4A97D00C78DD9 /* Time.cpp */ = {isa = PBXFileReference; fileEncoding = 4; indentWidth = 2; lastKnownFileType = sourcecode.cpp.cpp; path = Time.cpp; sourceTree = "<group>"; tabWidth = 2; };
		07CD5A321CA4A97D00C78DD9 /* Time.hpp */ = {isa = PBXFileReference; fileEncoding = 4; indentWidth = 2; lastKnownFileType = sourcecode.cpp.h; path = Time.hpp; sourceTree = "<group>"; tabWidth = 2; };
		07CD5A3A1CA4F48B00C78DD9 /* PhysicController.cpp */ = {isa = PBXFileReference; fileEncoding = 4; indentWidth = 2; lastKnownFileType = sourcecode.cpp.cpp; path = PhysicController.cpp; sourceTree = "<group>"; tabWidth = 2; };
		07CD5A3B1CA4F48B00C78DD9 /* PhysicController.hpp */ = {isa = PBXFileReference; fileEncoding = 4; indentWidth = 2; lastKnownFileType = sourcecode.cpp.h; path = PhysicController.hpp; sourceTree = "<group>"; tabWidth = 2; };
		07D455CF1DE7667F00673E3A /* Chess.cpp */ = {isa = PBXFileReference; fileEncoding = 4; lastKnownFileType = sourcecode.cpp.cpp; path = Chess.cpp; sourceTree = "<group>"; };
		07D455D01DE7667F00673E3A /* Chess.hpp */ = {isa = PBXFileReference; fileEncoding = 4; lastKnownFileType = sourcecode.cpp.h; path = Chess.hpp; sourceTree = "<group>"; };
		07E3D9311DD03A610022EF1E /* Grid_Test.cpp */ = {isa = PBXFileReference; fileEncoding = 4; lastKnownFileType = sourcecode.cpp.cpp; path = Grid_Test.cpp; sourceTree = "<group>"; };
		07E3D9321DD03A610022EF1E /* Grid_Test.hpp */ = {isa = PBXFileReference; fileEncoding = 4; lastKnownFileType = sourcecode.cpp.h; path = Grid_Test.hpp; sourceTree = "<group>"; };
		07F4C2FB1D970256005E3AC0 /* GameOfLife.cpp */ = {isa = PBXFileReference; fileEncoding = 4; lastKnownFileType = sourcecode.cpp.cpp; name = GameOfLife.cpp; path = "Test Classes/GameOfLife.cpp"; sourceTree = SOURCE_ROOT; };
		07F4C2FC1D970256005E3AC0 /* GameOfLife.hpp */ = {isa = PBXFileReference; fileEncoding = 4; lastKnownFileType = sourcecode.cpp.h; name = GameOfLife.hpp; path = "Test Classes/GameOfLife.hpp"; sourceTree = SOURCE_ROOT; };
		07F4C2FD1D970256005E3AC0 /* GroundCollision.hpp */ = {isa = PBXFileReference; fileEncoding = 4; lastKnownFileType = sourcecode.cpp.h; name = GroundCollision.hpp; path = "Test Classes/GroundCollision.hpp"; sourceTree = SOURCE_ROOT; };
		07F4C2FE1D970256005E3AC0 /* O1.cpp */ = {isa = PBXFileReference; fileEncoding = 4; lastKnownFileType = sourcecode.cpp.cpp; name = O1.cpp; path = "Test Classes/O1.cpp"; sourceTree = SOURCE_ROOT; };
		07F4C2FF1D970256005E3AC0 /* O1.hpp */ = {isa = PBXFileReference; fileEncoding = 4; lastKnownFileType = sourcecode.cpp.h; name = O1.hpp; path = "Test Classes/O1.hpp"; sourceTree = SOURCE_ROOT; };
		07F4C3001D970256005E3AC0 /* Pokemon.cpp */ = {isa = PBXFileReference; fileEncoding = 4; lastKnownFileType = sourcecode.cpp.cpp; name = Pokemon.cpp; path = "Test Classes/Pokemon.cpp"; sourceTree = SOURCE_ROOT; };
		07F4C3011D970256005E3AC0 /* Pokemon.hpp */ = {isa = PBXFileReference; fileEncoding = 4; lastKnownFileType = sourcecode.cpp.h; name = Pokemon.hpp; path = "Test Classes/Pokemon.hpp"; sourceTree = SOURCE_ROOT; };
		07F4C3021D970256005E3AC0 /* SP_Scene.cpp */ = {isa = PBXFileReference; fileEncoding = 4; lastKnownFileType = sourcecode.cpp.cpp; name = SP_Scene.cpp; path = "Test Classes/SP_Scene.cpp"; sourceTree = SOURCE_ROOT; };
		07F4C3031D970256005E3AC0 /* SP_Scene.hpp */ = {isa = PBXFileReference; fileEncoding = 4; lastKnownFileType = sourcecode.cpp.h; name = SP_Scene.hpp; path = "Test Classes/SP_Scene.hpp"; sourceTree = SOURCE_ROOT; };
		07F4C3041D970256005E3AC0 /* SP.cpp */ = {isa = PBXFileReference; fileEncoding = 4; lastKnownFileType = sourcecode.cpp.cpp; name = SP.cpp; path = "Test Classes/SP.cpp"; sourceTree = SOURCE_ROOT; };
		07F4C3051D970256005E3AC0 /* SP.hpp */ = {isa = PBXFileReference; fileEncoding = 4; lastKnownFileType = sourcecode.cpp.h; name = SP.hpp; path = "Test Classes/SP.hpp"; sourceTree = SOURCE_ROOT; };
		07F4C3121D9738EB005E3AC0 /* Grid2D.cpp */ = {isa = PBXFileReference; fileEncoding = 4; lastKnownFileType = sourcecode.cpp.cpp; path = Grid2D.cpp; sourceTree = "<group>"; };
		07F4C3131D9738EB005E3AC0 /* Grid2D.hpp */ = {isa = PBXFileReference; fileEncoding = 4; lastKnownFileType = sourcecode.cpp.h; path = Grid2D.hpp; sourceTree = "<group>"; };
		07FE1B221D092D0500BAEBD1 /* Framerate.cpp */ = {isa = PBXFileReference; fileEncoding = 4; lastKnownFileType = sourcecode.cpp.cpp; path = Framerate.cpp; sourceTree = "<group>"; };
		07FE1B231D092D0500BAEBD1 /* Framerate.hpp */ = {isa = PBXFileReference; fileEncoding = 4; lastKnownFileType = sourcecode.cpp.h; path = Framerate.hpp; sourceTree = "<group>"; };
/* End PBXFileReference section */

/* Begin PBXFrameworksBuildPhase section */
		0712040A1E189204009C86D3 /* Frameworks */ = {
			isa = PBXFrameworksBuildPhase;
			buildActionMask = 2147483647;
			files = (
				0712043C1E18994F009C86D3 /* SDL2_image.framework in Frameworks */,
				0712043D1E18994F009C86D3 /* SDL2_mixer.framework in Frameworks */,
				0712043E1E18994F009C86D3 /* SDL2_ttf.framework in Frameworks */,
				0712043F1E18994F009C86D3 /* SDL2.framework in Frameworks */,
			);
			runOnlyForDeploymentPostprocessing = 0;
		};
		072EB0881C9CF72400E87910 /* Frameworks */ = {
			isa = PBXFrameworksBuildPhase;
			buildActionMask = 2147483647;
			files = (
				07577A8E1E1CAA28000EDFFA /* liblua.a in Frameworks */,
				07577A0C1E1C8D3F000EDFFA /* libboost_serialization.a in Frameworks */,
				07A5C2F41DD66E3900100C5E /* SDL2_image.framework in Frameworks */,
				07A5C2F51DD66E3900100C5E /* SDL2_mixer.framework in Frameworks */,
				07A5C2F61DD66E3900100C5E /* SDL2_ttf.framework in Frameworks */,
				07A5C2F71DD66E3900100C5E /* SDL2.framework in Frameworks */,
			);
			runOnlyForDeploymentPostprocessing = 0;
		};
		0793F7AC1CF68B01007E30CC /* Frameworks */ = {
			isa = PBXFrameworksBuildPhase;
			buildActionMask = 2147483647;
			files = (
				07577A891E1C973B000EDFFA /* libboost_serialization.a in Frameworks */,
			);
			runOnlyForDeploymentPostprocessing = 0;
		};
/* End PBXFrameworksBuildPhase section */

/* Begin PBXGroup section */
		072EB0821C9CF72400E87910 = {
			isa = PBXGroup;
			children = (
				076610EC1D02363C00531253 /* XcodeCoverage.xcconfig */,
				072BB6A31D29FE6700A8F85B /* Resources */,
				0755157C1E1C484E00276871 /* ExternalLibs */,
				07ACC6701CA10FEE00ED1DFB /* TestClasses */,
				072EB08D1C9CF72400E87910 /* GameEngineV3 */,
				0793F7B01CF68B01007E30CC /* Test */,
				072EB08C1C9CF72400E87910 /* Products */,
			);
			sourceTree = "<group>";
		};
		072EB08C1C9CF72400E87910 /* Products */ = {
			isa = PBXGroup;
			children = (
				072EB08B1C9CF72400E87910 /* GameEngineV3 */,
				0793F7AF1CF68B01007E30CC /* Test */,
				0712040D1E189204009C86D3 /* libGameEngine.a */,
			);
			name = Products;
			sourceTree = "<group>";
		};
		072EB08D1C9CF72400E87910 /* GameEngineV3 */ = {
			isa = PBXGroup;
			children = (
				07AFCA241DCDBA1F00AD23B4 /* ObjectModules */,
				07F4C3111D9738A7005E3AC0 /* Utils */,
				07F4C3101D97388A005E3AC0 /* Core */,
				072EB08E1C9CF72400E87910 /* main.cpp */,
			);
			path = GameEngineV3;
			sourceTree = "<group>";
		};
		0755157C1E1C484E00276871 /* ExternalLibs */ = {
			isa = PBXGroup;
			children = (
				0793F7B61CF68BF4007E30CC /* Frameworks_Libs */,
				078AF78B1E1B627B00A26538 /* JSON */,
			);
			name = ExternalLibs;
			sourceTree = "<group>";
		};
		0787634A1CA0A35000A8A59E /* Source */ = {
			isa = PBXGroup;
			children = (
				078763441CA0A13300A8A59E /* Color.cpp */,
				078482E11CE2B3FF0030B829 /* Debug.cpp */,
				07FE1B221D092D0500BAEBD1 /* Framerate.cpp */,
				0787633E1CA09F1D00A8A59E /* Game.cpp */,
				078763571CA0C1FE00A8A59E /* GE_SDL.cpp */,
				078763471CA0A1CE00A8A59E /* Geometry.cpp */,
				078763541CA0BC6D00A8A59E /* Input.cpp */,
				0787634E1CA0B1BB00A8A59E /* Object.cpp */,
				07ACC66D1CA10EB500ED1DFB /* ObjectModule.cpp */,
				078763411CA09F4A00A8A59E /* Renderer.cpp */,
				078763511CA0B52900A8A59E /* Scene.cpp */,
				07B6D9B81D9610FA00F88032 /* Script.cpp */,
				0729B6C31CF109D3007235EA /* Sound.cpp */,
				0787634B1CA0A40900A8A59E /* Texture.cpp */,
				07CD5A311CA4A97D00C78DD9 /* Time.cpp */,
				0787633B1CA09E2C00A8A59E /* Vector.cpp */,
				0791DB051CA795EE004D2C63 /* Window.cpp */,
			);
			name = Source;
			sourceTree = "<group>";
		};
		078A6D8B1CA7512E00297091 /* TestsScenes */ = {
			isa = PBXGroup;
			children = (
				07F4C3001D970256005E3AC0 /* Pokemon.cpp */,
				07F4C3011D970256005E3AC0 /* Pokemon.hpp */,
				07F4C3021D970256005E3AC0 /* SP_Scene.cpp */,
				07F4C3031D970256005E3AC0 /* SP_Scene.hpp */,
				07E3D9311DD03A610022EF1E /* Grid_Test.cpp */,
				07E3D9321DD03A610022EF1E /* Grid_Test.hpp */,
			);
			name = TestsScenes;
			sourceTree = "<group>";
		};
		078AF78B1E1B627B00A26538 /* JSON */ = {
			isa = PBXGroup;
			children = (
				075515801E1C493600276871 /* cJSON.c */,
				075515811E1C493600276871 /* cJSON.h */,
			);
			name = JSON;
			sourceTree = "<group>";
		};
		0793F75F1CF688BB007E30CC /* XcodeCoverage */ = {
			isa = PBXGroup;
			children = (
				0793F7601CF688BB007E30CC /* .gitignore */,
				0793F7611CF688BB007E30CC /* CHANGELOG.md */,
				0793F7621CF688BB007E30CC /* cleancov */,
				0793F7631CF688BB007E30CC /* envcov.sh */,
				0793F7641CF688BC007E30CC /* exportenv.sh */,
				0793F7651CF688BC007E30CC /* getcov */,
				0793F7661CF688BC007E30CC /* lcov-1.12 */,
				0793F76F1CF688BC007E30CC /* lcov_cobertura.py */,
				0793F7701CF688BC007E30CC /* LICENSE.txt */,
				0793F7711CF688BC007E30CC /* llvm-cov-wrapper.sh */,
				0793F7721CF688BC007E30CC /* README.md */,
				0793F7731CF688BC007E30CC /* run_code_coverage_post.sh */,
				0793F7741CF688BC007E30CC /* transform.xslt */,
				0793F7751CF688BC007E30CC /* XcodeCoverage.podspec */,
				0793F7761CF688BC007E30CC /* XcodeCoverage.xcconfig */,
			);
			path = XcodeCoverage;
			sourceTree = "<group>";
		};
		0793F7661CF688BC007E30CC /* lcov-1.12 */ = {
			isa = PBXGroup;
			children = (
				0793F7671CF688BC007E30CC /* bin */,
				0793F76E1CF688BC007E30CC /* COPYING */,
			);
			path = "lcov-1.12";
			sourceTree = "<group>";
		};
		0793F7671CF688BC007E30CC /* bin */ = {
			isa = PBXGroup;
			children = (
				0793F7681CF688BC007E30CC /* gendesc */,
				0793F7691CF688BC007E30CC /* genhtml */,
				0793F76A1CF688BC007E30CC /* geninfo */,
				0793F76B1CF688BC007E30CC /* genpng */,
				0793F76C1CF688BC007E30CC /* get_version.sh */,
				0793F76D1CF688BC007E30CC /* lcov */,
			);
			path = bin;
			sourceTree = "<group>";
		};
		0793F7B01CF68B01007E30CC /* Test */ = {
			isa = PBXGroup;
			children = (
				0793F9101CF68C44007E30CC /* catch.hpp */,
				0793F7B11CF68B01007E30CC /* main.cpp */,
			);
			path = Test;
			sourceTree = "<group>";
		};
		0793F7B61CF68BF4007E30CC /* Frameworks_Libs */ = {
			isa = PBXGroup;
			children = (
				07577A0A1E1C686F000EDFFA /* libboost_serialization.a */,
				07818F621CD4448A00042026 /* libBox2D.a */,
				07577A8D1E1CAA28000EDFFA /* liblua.a */,
				07A5C2F01DD66E3900100C5E /* SDL2_image.framework */,
				07A5C2F11DD66E3900100C5E /* SDL2_mixer.framework */,
				07A5C2F21DD66E3900100C5E /* SDL2_ttf.framework */,
				07A5C2F31DD66E3900100C5E /* SDL2.framework */,
				0793F75F1CF688BB007E30CC /* XcodeCoverage */,
			);
			name = Frameworks_Libs;
			sourceTree = "<group>";
		};
		07ACC6701CA10FEE00ED1DFB /* TestClasses */ = {
			isa = PBXGroup;
			children = (
				07D455CE1DE7666A00673E3A /* Chess */,
				07F4C2FB1D970256005E3AC0 /* GameOfLife.cpp */,
				07F4C2FC1D970256005E3AC0 /* GameOfLife.hpp */,
				07F4C2FD1D970256005E3AC0 /* GroundCollision.hpp */,
				07B41F251E22CFE600DA1B3E /* GroundCollision.cpp */,
				07F4C2FE1D970256005E3AC0 /* O1.cpp */,
				07F4C2FF1D970256005E3AC0 /* O1.hpp */,
				07F4C3041D970256005E3AC0 /* SP.cpp */,
				07F4C3051D970256005E3AC0 /* SP.hpp */,
				078A6D8B1CA7512E00297091 /* TestsScenes */,
			);
			name = TestClasses;
			path = GameEngineV3;
			sourceTree = "<group>";
		};
		07AFCA241DCDBA1F00AD23B4 /* ObjectModules */ = {
			isa = PBXGroup;
			children = (
				07AFCA281DCDBAAA00AD23B4 /* source */,
				07ACC6311CA0E59D00ED1DFB /* Animator.hpp */,
				07ACC6E31CA151AC00ED1DFB /* Collision.hpp */,
				07CD5A3B1CA4F48B00C78DD9 /* PhysicController.hpp */,
				07AFCA261DCDBA2F00AD23B4 /* Timer.hpp */,
			);
			name = ObjectModules;
			sourceTree = "<group>";
		};
		07AFCA281DCDBAAA00AD23B4 /* source */ = {
			isa = PBXGroup;
			children = (
				07ACC6301CA0E59D00ED1DFB /* Animator.cpp */,
				07ACC6E21CA151AC00ED1DFB /* Collision.cpp */,
				07CD5A3A1CA4F48B00C78DD9 /* PhysicController.cpp */,
				07AFCA251DCDBA2F00AD23B4 /* Timer.cpp */,
			);
			name = source;
			sourceTree = "<group>";
		};
		07D455CE1DE7666A00673E3A /* Chess */ = {
			isa = PBXGroup;
			children = (
				07D455CF1DE7667F00673E3A /* Chess.cpp */,
				07D455D01DE7667F00673E3A /* Chess.hpp */,
			);
			name = Chess;
			sourceTree = "<group>";
		};
		07F4C3101D97388A005E3AC0 /* Core */ = {
			isa = PBXGroup;
			children = (
				0787634A1CA0A35000A8A59E /* Source */,
				078763451CA0A13300A8A59E /* Color.hpp */,
				078482E21CE2B3FF0030B829 /* Debug.hpp */,
				07FE1B231D092D0500BAEBD1 /* Framerate.hpp */,
				0787633F1CA09F1D00A8A59E /* Game.hpp */,
				0791DB071CA796B3004D2C63 /* GE_SDL.hpp */,
				078763481CA0A1CE00A8A59E /* Geometry.hpp */,
				078763551CA0BC6D00A8A59E /* Input.hpp */,
				0787634F1CA0B1BB00A8A59E /* Object.hpp */,
				07ACC66E1CA10EB500ED1DFB /* ObjectModule.hpp */,
				078763421CA09F4A00A8A59E /* Renderer.hpp */,
				078763521CA0B52900A8A59E /* Scene.hpp */,
				07B6D9B91D9610FA00F88032 /* Script.hpp */,
				0729B6C41CF109D3007235EA /* Sound.hpp */,
				0787634C1CA0A40900A8A59E /* Texture.hpp */,
				07CD5A321CA4A97D00C78DD9 /* Time.hpp */,
				0787633C1CA09E2C00A8A59E /* Vector.hpp */,
				0791DB091CA79708004D2C63 /* Window.hpp */,
			);
			name = Core;
			sourceTree = "<group>";
		};
		07F4C3111D9738A7005E3AC0 /* Utils */ = {
			isa = PBXGroup;
			children = (
				07F4C3121D9738EB005E3AC0 /* Grid2D.cpp */,
				07F4C3131D9738EB005E3AC0 /* Grid2D.hpp */,
			);
			name = Utils;
			sourceTree = "<group>";
		};
/* End PBXGroup section */

/* Begin PBXHeadersBuildPhase section */
		0712040B1E189204009C86D3 /* Headers */ = {
			isa = PBXHeadersBuildPhase;
			buildActionMask = 2147483647;
			files = (
			);
			runOnlyForDeploymentPostprocessing = 0;
		};
/* End PBXHeadersBuildPhase section */

/* Begin PBXNativeTarget section */
		0712040C1E189204009C86D3 /* GameEngine */ = {
			isa = PBXNativeTarget;
			buildConfigurationList = 071204131E189204009C86D3 /* Build configuration list for PBXNativeTarget "GameEngine" */;
			buildPhases = (
				071204091E189204009C86D3 /* Sources */,
				0712040A1E189204009C86D3 /* Frameworks */,
				0712040B1E189204009C86D3 /* Headers */,
			);
			buildRules = (
			);
			dependencies = (
			);
			name = GameEngine;
			productName = libGameEngine;
			productReference = 0712040D1E189204009C86D3 /* libGameEngine.a */;
			productType = "com.apple.product-type.library.static";
		};
		072EB08A1C9CF72400E87910 /* GameEngineV3 */ = {
			isa = PBXNativeTarget;
			buildConfigurationList = 072EB0921C9CF72400E87910 /* Build configuration list for PBXNativeTarget "GameEngineV3" */;
			buildPhases = (
				072EB0871C9CF72400E87910 /* Sources */,
				072EB0881C9CF72400E87910 /* Frameworks */,
				072EB0891C9CF72400E87910 /* CopyFiles */,
				076610EE1D02422300531253 /* ShellScript */,
			);
			buildRules = (
			);
			dependencies = (
			);
			name = GameEngineV3;
			productName = GameEngineV3;
			productReference = 072EB08B1C9CF72400E87910 /* GameEngineV3 */;
			productType = "com.apple.product-type.tool";
		};
		0793F7AE1CF68B01007E30CC /* Test */ = {
			isa = PBXNativeTarget;
			buildConfigurationList = 0793F7B31CF68B01007E30CC /* Build configuration list for PBXNativeTarget "Test" */;
			buildPhases = (
				0793F7AB1CF68B01007E30CC /* Sources */,
				0793F7AC1CF68B01007E30CC /* Frameworks */,
				0793F7AD1CF68B01007E30CC /* CopyFiles */,
				076610ED1D0236EF00531253 /* ShellScript */,
			);
			buildRules = (
			);
			dependencies = (
			);
			name = Test;
			productName = Test;
			productReference = 0793F7AF1CF68B01007E30CC /* Test */;
			productType = "com.apple.product-type.tool";
		};
/* End PBXNativeTarget section */

/* Begin PBXProject section */
		072EB0831C9CF72400E87910 /* Project object */ = {
			isa = PBXProject;
			attributes = {
				LastSwiftUpdateCheck = 0710;
				LastUpgradeCheck = 0810;
				ORGANIZATIONNAME = ARSC;
				TargetAttributes = {
					0712040C1E189204009C86D3 = {
						CreatedOnToolsVersion = 8.1;
						ProvisioningStyle = Automatic;
					};
					072EB08A1C9CF72400E87910 = {
						CreatedOnToolsVersion = 7.1.1;
					};
					0793F7AE1CF68B01007E30CC = {
						CreatedOnToolsVersion = 7.1.1;
					};
				};
			};
			buildConfigurationList = 072EB0861C9CF72400E87910 /* Build configuration list for PBXProject "GameEngineV3" */;
			compatibilityVersion = "Xcode 3.2";
			developmentRegion = English;
			hasScannedForEncodings = 0;
			knownRegions = (
				en,
				Base,
			);
			mainGroup = 072EB0821C9CF72400E87910;
			productRefGroup = 072EB08C1C9CF72400E87910 /* Products */;
			projectDirPath = "";
			projectRoot = "";
			targets = (
				072EB08A1C9CF72400E87910 /* GameEngineV3 */,
				0793F7AE1CF68B01007E30CC /* Test */,
				0712040C1E189204009C86D3 /* GameEngine */,
			);
		};
/* End PBXProject section */

/* Begin PBXShellScriptBuildPhase section */
		076610ED1D0236EF00531253 /* ShellScript */ = {
			isa = PBXShellScriptBuildPhase;
			buildActionMask = 2147483647;
			files = (
			);
			inputPaths = (
			);
			outputPaths = (
			);
			runOnlyForDeploymentPostprocessing = 0;
			shellPath = /bin/bash;
			shellScript = XcodeCoverage/exportenv.sh;
		};
		076610EE1D02422300531253 /* ShellScript */ = {
			isa = PBXShellScriptBuildPhase;
			buildActionMask = 2147483647;
			files = (
			);
			inputPaths = (
			);
			outputPaths = (
			);
			runOnlyForDeploymentPostprocessing = 0;
			shellPath = /bin/bash;
			shellScript = XcodeCoverage/exportenv.sh;
		};
/* End PBXShellScriptBuildPhase section */

/* Begin PBXSourcesBuildPhase section */
		071204091E189204009C86D3 /* Sources */ = {
			isa = PBXSourcesBuildPhase;
			buildActionMask = 2147483647;
			files = (
				0712041B1E189245009C86D3 /* Animator.cpp in Sources */,
				0712041C1E189245009C86D3 /* Collision.cpp in Sources */,
				0712041D1E189245009C86D3 /* PhysicController.cpp in Sources */,
				0712041E1E189245009C86D3 /* Timer.cpp in Sources */,
				0712041F1E189245009C86D3 /* Grid2D.cpp in Sources */,
				071204201E189245009C86D3 /* Color.cpp in Sources */,
				071204211E189245009C86D3 /* Debug.cpp in Sources */,
				071204221E189245009C86D3 /* Framerate.cpp in Sources */,
				071204231E189245009C86D3 /* Game.cpp in Sources */,
				071204241E189245009C86D3 /* GE_SDL.cpp in Sources */,
				071204251E189245009C86D3 /* Geometry.cpp in Sources */,
				071204261E189245009C86D3 /* Input.cpp in Sources */,
				071204271E189245009C86D3 /* Object.cpp in Sources */,
				071204281E189245009C86D3 /* ObjectModule.cpp in Sources */,
				071204291E189245009C86D3 /* Renderer.cpp in Sources */,
				0712042A1E189245009C86D3 /* Scene.cpp in Sources */,
				0712042B1E189245009C86D3 /* Script.cpp in Sources */,
				0712042C1E189245009C86D3 /* Sound.cpp in Sources */,
				0712042D1E189245009C86D3 /* Texture.cpp in Sources */,
				0712042E1E189245009C86D3 /* Time.cpp in Sources */,
				0712042F1E189245009C86D3 /* Vector.cpp in Sources */,
				071204301E189245009C86D3 /* Window.cpp in Sources */,
			);
			runOnlyForDeploymentPostprocessing = 0;
		};
		072EB0871C9CF72400E87910 /* Sources */ = {
			isa = PBXSourcesBuildPhase;
			buildActionMask = 2147483647;
			files = (
				0729B6C51CF109D3007235EA /* Sound.cpp in Sources */,
				072EB08F1C9CF72400E87910 /* main.cpp in Sources */,
				078763461CA0A13300A8A59E /* Color.cpp in Sources */,
				07F4C3141D9738EB005E3AC0 /* Grid2D.cpp in Sources */,
				07CD5A331CA4A97D00C78DD9 /* Time.cpp in Sources */,
				078763431CA09F4A00A8A59E /* Renderer.cpp in Sources */,
				07F4C3081D970256005E3AC0 /* Pokemon.cpp in Sources */,
				07F4C3071D970256005E3AC0 /* O1.cpp in Sources */,
				078763581CA0C1FE00A8A59E /* GE_SDL.cpp in Sources */,
				078763561CA0BC6D00A8A59E /* Input.cpp in Sources */,
				07D455D11DE7667F00673E3A /* Chess.cpp in Sources */,
				07ACC6321CA0E59D00ED1DFB /* Animator.cpp in Sources */,
				078763491CA0A1CE00A8A59E /* Geometry.cpp in Sources */,
				0787634D1CA0A40900A8A59E /* Texture.cpp in Sources */,
				0791DB061CA795EE004D2C63 /* Window.cpp in Sources */,
				07F4C3061D970256005E3AC0 /* GameOfLife.cpp in Sources */,
				0787633D1CA09E2C00A8A59E /* Vector.cpp in Sources */,
				07CD5A3C1CA4F48B00C78DD9 /* PhysicController.cpp in Sources */,
				07ACC6E41CA151AC00ED1DFB /* Collision.cpp in Sources */,
				07ACC66F1CA10EB500ED1DFB /* ObjectModule.cpp in Sources */,
				075515821E1C493600276871 /* cJSON.c in Sources */,
				07AFCA271DCDBA2F00AD23B4 /* Timer.cpp in Sources */,
				078763401CA09F1D00A8A59E /* Game.cpp in Sources */,
				078482E31CE2B3FF0030B829 /* Debug.cpp in Sources */,
				07FE1B241D092D0500BAEBD1 /* Framerate.cpp in Sources */,
				07F4C30A1D970256005E3AC0 /* SP.cpp in Sources */,
				07F4C3091D970256005E3AC0 /* SP_Scene.cpp in Sources */,
				07B6D9BE1D961F1000F88032 /* Script.cpp in Sources */,
				078763531CA0B52900A8A59E /* Scene.cpp in Sources */,
				07E3D9331DD03A610022EF1E /* Grid_Test.cpp in Sources */,
				078763501CA0B1BB00A8A59E /* Object.cpp in Sources */,
				07B41F261E22CFE600DA1B3E /* GroundCollision.cpp in Sources */,
			);
			runOnlyForDeploymentPostprocessing = 0;
		};
		0793F7AB1CF68B01007E30CC /* Sources */ = {
			isa = PBXSourcesBuildPhase;
			buildActionMask = 2147483647;
			files = (
			);
			runOnlyForDeploymentPostprocessing = 0;
		};
/* End PBXSourcesBuildPhase section */

/* Begin XCBuildConfiguration section */
		071204141E189204009C86D3 /* Debug */ = {
			isa = XCBuildConfiguration;
			buildSettings = {
				CLANG_ANALYZER_NONNULL = YES;
				CLANG_WARN_DOCUMENTATION_COMMENTS = YES;
				CLANG_WARN_SUSPICIOUS_MOVES = YES;
				EXECUTABLE_PREFIX = lib;
				LIBRARY_SEARCH_PATHS = (
					"$(inherited)",
					"$(PROJECT_DIR)/lua",
					"$(PROJECT_DIR)",
				);
				MACOSX_DEPLOYMENT_TARGET = 10.12;
				PRODUCT_NAME = "$(TARGET_NAME)";
			};
			name = Debug;
		};
		071204151E189204009C86D3 /* Release */ = {
			isa = XCBuildConfiguration;
			buildSettings = {
				CLANG_ANALYZER_NONNULL = YES;
				CLANG_WARN_DOCUMENTATION_COMMENTS = YES;
				CLANG_WARN_SUSPICIOUS_MOVES = YES;
				EXECUTABLE_PREFIX = lib;
				LIBRARY_SEARCH_PATHS = (
					"$(inherited)",
					"$(PROJECT_DIR)/lua",
					"$(PROJECT_DIR)",
				);
				MACOSX_DEPLOYMENT_TARGET = 10.12;
				PRODUCT_NAME = "$(TARGET_NAME)";
			};
			name = Release;
		};
		072EB0901C9CF72400E87910 /* Debug */ = {
			isa = XCBuildConfiguration;
			buildSettings = {
				ALWAYS_SEARCH_USER_PATHS = NO;
				CLANG_CXX_LANGUAGE_STANDARD = "gnu++0x";
				CLANG_CXX_LIBRARY = "libc++";
				CLANG_ENABLE_MODULES = YES;
				CLANG_ENABLE_OBJC_ARC = YES;
				CLANG_WARN_BOOL_CONVERSION = YES;
				CLANG_WARN_CONSTANT_CONVERSION = YES;
				CLANG_WARN_DIRECT_OBJC_ISA_USAGE = YES_ERROR;
				CLANG_WARN_EMPTY_BODY = YES;
				CLANG_WARN_ENUM_CONVERSION = YES;
				CLANG_WARN_INFINITE_RECURSION = YES;
				CLANG_WARN_INT_CONVERSION = YES;
				CLANG_WARN_OBJC_ROOT_CLASS = YES_ERROR;
				CLANG_WARN_SUSPICIOUS_MOVE = YES;
				CLANG_WARN_UNREACHABLE_CODE = YES;
				CLANG_WARN__DUPLICATE_METHOD_MATCH = YES;
				CODE_SIGN_IDENTITY = "-";
				COPY_PHASE_STRIP = NO;
				DEBUG_INFORMATION_FORMAT = dwarf;
				ENABLE_STRICT_OBJC_MSGSEND = YES;
				ENABLE_TESTABILITY = YES;
				GCC_C_LANGUAGE_STANDARD = gnu99;
				GCC_DYNAMIC_NO_PIC = NO;
				GCC_NO_COMMON_BLOCKS = YES;
				GCC_OPTIMIZATION_LEVEL = 0;
				GCC_PREPROCESSOR_DEFINITIONS = (
					"DEBUG=1",
					"$(inherited)",
				);
				GCC_WARN_64_TO_32_BIT_CONVERSION = YES;
				GCC_WARN_ABOUT_RETURN_TYPE = YES_ERROR;
				GCC_WARN_UNDECLARED_SELECTOR = YES;
				GCC_WARN_UNINITIALIZED_AUTOS = YES_AGGRESSIVE;
				GCC_WARN_UNUSED_FUNCTION = YES;
				GCC_WARN_UNUSED_VARIABLE = YES;
				HEADER_SEARCH_PATHS = (
					/usr/local/Cellar/boost/1.63.0/include,
					/usr/local/include,
				);
				LIBRARY_SEARCH_PATHS = (
					/usr/local/Cellar/boost/1.63.0/lib,
					/usr/local/lib/lua,
				);
				MACOSX_DEPLOYMENT_TARGET = 10.12;
				MTL_ENABLE_DEBUG_INFO = YES;
				ONLY_ACTIVE_ARCH = YES;
				OTHER_CPLUSPLUSFLAGS = (
					"$(OTHER_CFLAGS)",
					"-stdlib=c++0x",
					"-stdlib=libc++",
				);
				SDKROOT = macosx;
			};
			name = Debug;
		};
		072EB0911C9CF72400E87910 /* Release */ = {
			isa = XCBuildConfiguration;
			buildSettings = {
				ALWAYS_SEARCH_USER_PATHS = NO;
				CLANG_CXX_LANGUAGE_STANDARD = "gnu++0x";
				CLANG_CXX_LIBRARY = "libc++";
				CLANG_ENABLE_MODULES = YES;
				CLANG_ENABLE_OBJC_ARC = YES;
				CLANG_WARN_BOOL_CONVERSION = YES;
				CLANG_WARN_CONSTANT_CONVERSION = YES;
				CLANG_WARN_DIRECT_OBJC_ISA_USAGE = YES_ERROR;
				CLANG_WARN_EMPTY_BODY = YES;
				CLANG_WARN_ENUM_CONVERSION = YES;
				CLANG_WARN_INFINITE_RECURSION = YES;
				CLANG_WARN_INT_CONVERSION = YES;
				CLANG_WARN_OBJC_ROOT_CLASS = YES_ERROR;
				CLANG_WARN_SUSPICIOUS_MOVE = YES;
				CLANG_WARN_UNREACHABLE_CODE = YES;
				CLANG_WARN__DUPLICATE_METHOD_MATCH = YES;
				CODE_SIGN_IDENTITY = "-";
				COPY_PHASE_STRIP = NO;
				DEBUG_INFORMATION_FORMAT = "dwarf-with-dsym";
				ENABLE_NS_ASSERTIONS = NO;
				ENABLE_STRICT_OBJC_MSGSEND = YES;
				GCC_C_LANGUAGE_STANDARD = gnu99;
				GCC_NO_COMMON_BLOCKS = YES;
				GCC_WARN_64_TO_32_BIT_CONVERSION = YES;
				GCC_WARN_ABOUT_RETURN_TYPE = YES_ERROR;
				GCC_WARN_UNDECLARED_SELECTOR = YES;
				GCC_WARN_UNINITIALIZED_AUTOS = YES_AGGRESSIVE;
				GCC_WARN_UNUSED_FUNCTION = YES;
				GCC_WARN_UNUSED_VARIABLE = YES;
				HEADER_SEARCH_PATHS = (
					/usr/local/Cellar/boost/1.63.0/include,
					/usr/local/include,
				);
				LIBRARY_SEARCH_PATHS = (
					/usr/local/Cellar/boost/1.63.0/lib,
					/usr/local/lib/lua,
				);
				MACOSX_DEPLOYMENT_TARGET = 10.12;
				MTL_ENABLE_DEBUG_INFO = NO;
				OTHER_CPLUSPLUSFLAGS = (
					"$(OTHER_CFLAGS)",
					"-stdlib=c++0x",
					"-stdlib=libc++",
				);
				SDKROOT = macosx;
			};
			name = Release;
		};
		072EB0931C9CF72400E87910 /* Debug */ = {
			isa = XCBuildConfiguration;
			baseConfigurationReference = 076610EC1D02363C00531253 /* XcodeCoverage.xcconfig */;
			buildSettings = {
				GCC_GENERATE_TEST_COVERAGE_FILES = YES;
				GCC_INSTRUMENT_PROGRAM_FLOW_ARCS = YES;
				GCC_OPTIMIZATION_LEVEL = 0;
				HEADER_SEARCH_PATHS = "$(inherited)";
				LIBRARY_SEARCH_PATHS = (
					"$(inherited)",
					"$(PROJECT_DIR)",
					/usr/local/lib/lua,
				);
				OTHER_CFLAGS = "";
				OTHER_CPLUSPLUSFLAGS = "$(OTHER_CFLAGS)";
				PRODUCT_NAME = "$(TARGET_NAME)";
				REZ_SEARCH_PATHS = "";
			};
			name = Debug;
		};
		072EB0941C9CF72400E87910 /* Release */ = {
			isa = XCBuildConfiguration;
			baseConfigurationReference = 076610EC1D02363C00531253 /* XcodeCoverage.xcconfig */;
			buildSettings = {
				GCC_GENERATE_TEST_COVERAGE_FILES = YES;
				GCC_INSTRUMENT_PROGRAM_FLOW_ARCS = NO;
				GCC_OPTIMIZATION_LEVEL = 0;
				HEADER_SEARCH_PATHS = "$(inherited)";
				LIBRARY_SEARCH_PATHS = (
					"$(inherited)",
					"$(PROJECT_DIR)",
					/usr/local/lib/lua,
				);
				OTHER_CFLAGS = "";
				OTHER_CPLUSPLUSFLAGS = "$(OTHER_CFLAGS)";
				PRODUCT_NAME = "$(TARGET_NAME)";
				REZ_SEARCH_PATHS = "";
			};
			name = Release;
		};
		0793F7B41CF68B01007E30CC /* Debug */ = {
			isa = XCBuildConfiguration;
			baseConfigurationReference = 076610EC1D02363C00531253 /* XcodeCoverage.xcconfig */;
			buildSettings = {
				ALWAYS_SEARCH_USER_PATHS = YES;
				GCC_GENERATE_TEST_COVERAGE_FILES = YES;
				GCC_INSTRUMENT_PROGRAM_FLOW_ARCS = YES;
				HEADER_SEARCH_PATHS = /usr/local/Cellar/boost/1.63.0/include;
				LIBRARY_SEARCH_PATHS = (
					"$(inherited)",
					/usr/local/Cellar/boost/1.63.0/lib,
				);
				OTHER_CFLAGS = "";
				OTHER_CPLUSPLUSFLAGS = "$(OTHER_CFLAGS)";
				PRODUCT_NAME = "$(TARGET_NAME)";
			};
			name = Debug;
		};
		0793F7B51CF68B01007E30CC /* Release */ = {
			isa = XCBuildConfiguration;
			baseConfigurationReference = 076610EC1D02363C00531253 /* XcodeCoverage.xcconfig */;
			buildSettings = {
				ALWAYS_SEARCH_USER_PATHS = YES;
				GCC_GENERATE_TEST_COVERAGE_FILES = YES;
				GCC_INSTRUMENT_PROGRAM_FLOW_ARCS = YES;
				HEADER_SEARCH_PATHS = /usr/local/Cellar/boost/1.63.0/include;
				LIBRARY_SEARCH_PATHS = (
					"$(inherited)",
					/usr/local/Cellar/boost/1.63.0/lib,
				);
				OTHER_CFLAGS = "";
				OTHER_CPLUSPLUSFLAGS = "$(OTHER_CFLAGS)";
				PRODUCT_NAME = "$(TARGET_NAME)";
			};
			name = Release;
		};
/* End XCBuildConfiguration section */

/* Begin XCConfigurationList section */
		071204131E189204009C86D3 /* Build configuration list for PBXNativeTarget "GameEngine" */ = {
			isa = XCConfigurationList;
			buildConfigurations = (
				071204141E189204009C86D3 /* Debug */,
				071204151E189204009C86D3 /* Release */,
			);
			defaultConfigurationIsVisible = 0;
			defaultConfigurationName = Release;
		};
		072EB0861C9CF72400E87910 /* Build configuration list for PBXProject "GameEngineV3" */ = {
			isa = XCConfigurationList;
			buildConfigurations = (
				072EB0901C9CF72400E87910 /* Debug */,
				072EB0911C9CF72400E87910 /* Release */,
			);
			defaultConfigurationIsVisible = 0;
			defaultConfigurationName = Release;
		};
		072EB0921C9CF72400E87910 /* Build configuration list for PBXNativeTarget "GameEngineV3" */ = {
			isa = XCConfigurationList;
			buildConfigurations = (
				072EB0931C9CF72400E87910 /* Debug */,
				072EB0941C9CF72400E87910 /* Release */,
			);
			defaultConfigurationIsVisible = 0;
			defaultConfigurationName = Release;
		};
		0793F7B31CF68B01007E30CC /* Build configuration list for PBXNativeTarget "Test" */ = {
			isa = XCConfigurationList;
			buildConfigurations = (
				0793F7B41CF68B01007E30CC /* Debug */,
				0793F7B51CF68B01007E30CC /* Release */,
			);
			defaultConfigurationIsVisible = 0;
			defaultConfigurationName = Release;
		};
/* End XCConfigurationList section */
	};
	rootObject = 072EB0831C9CF72400E87910 /* Project object */;
}
